// !$*UTF8*$!
{
	archiveVersion = 1;
	classes = {
	};
	objectVersion = 46;
	objects = {

/* Begin PBXBuildFile section */
		AD1F5DBE14E4A0F00005D248 /* emailfield.png in Resources */ = {isa = PBXBuildFile; fileRef = AD1F5DBB14E4A0F00005D248 /* emailfield.png */; };
		AD1F5DC314E6EDAE0005D248 /* blankbackground.png in Resources */ = {isa = PBXBuildFile; fileRef = AD1F5DC214E6EDAD0005D248 /* blankbackground.png */; };
		AD28E48D15E1B84100BC531C /* MPCJSONDataSerializer.m in Sources */ = {isa = PBXBuildFile; fileRef = AD28E48015E1B84100BC531C /* MPCJSONDataSerializer.m */; settings = {COMPILER_FLAGS = "-fno-objc-arc"; }; };
		AD28E48E15E1B84100BC531C /* MPCJSONSerializer.m in Sources */ = {isa = PBXBuildFile; fileRef = AD28E48215E1B84100BC531C /* MPCJSONSerializer.m */; settings = {COMPILER_FLAGS = "-fno-objc-arc"; }; };
		AD28E48F15E1B84100BC531C /* MPCSerializedJSONData.m in Sources */ = {isa = PBXBuildFile; fileRef = AD28E48415E1B84100BC531C /* MPCSerializedJSONData.m */; settings = {COMPILER_FLAGS = "-fno-objc-arc"; }; };
		AD28E49015E1B84100BC531C /* NSData+MPBase64.m in Sources */ = {isa = PBXBuildFile; fileRef = AD28E48715E1B84100BC531C /* NSData+MPBase64.m */; settings = {COMPILER_FLAGS = "-fno-objc-arc"; }; };
		AD28E49115E1B84100BC531C /* MixpanelAPI.m in Sources */ = {isa = PBXBuildFile; fileRef = AD28E48915E1B84100BC531C /* MixpanelAPI.m */; settings = {COMPILER_FLAGS = "-fno-objc-arc"; }; };
		AD28E49215E1B84100BC531C /* MixpanelEvent.m in Sources */ = {isa = PBXBuildFile; fileRef = AD28E48C15E1B84100BC531C /* MixpanelEvent.m */; settings = {COMPILER_FLAGS = "-fno-objc-arc"; }; };
		AD2C7725161C03CB00401A5F /* facebook-down.png in Resources */ = {isa = PBXBuildFile; fileRef = AD2C771E161C03CB00401A5F /* facebook-down.png */; };
		AD2C7726161C03CB00401A5F /* facebook.png in Resources */ = {isa = PBXBuildFile; fileRef = AD2C771F161C03CB00401A5F /* facebook.png */; };
		AD2C7727161C03CB00401A5F /* feedback-down.png in Resources */ = {isa = PBXBuildFile; fileRef = AD2C7720161C03CB00401A5F /* feedback-down.png */; };
		AD2C7728161C03CB00401A5F /* feedback.png in Resources */ = {isa = PBXBuildFile; fileRef = AD2C7721161C03CB00401A5F /* feedback.png */; };
		AD2C7729161C03CB00401A5F /* quotifyTopbar.png in Resources */ = {isa = PBXBuildFile; fileRef = AD2C7722161C03CB00401A5F /* quotifyTopbar.png */; };
		AD2C772A161C03CB00401A5F /* video-down.png in Resources */ = {isa = PBXBuildFile; fileRef = AD2C7723161C03CB00401A5F /* video-down.png */; };
		AD2C772B161C03CB00401A5F /* video.png in Resources */ = {isa = PBXBuildFile; fileRef = AD2C7724161C03CB00401A5F /* video.png */; };
		AD544C8D164C178E00329E44 /* addtocontactslabel.png in Resources */ = {isa = PBXBuildFile; fileRef = AD544C8C164C178E00329E44 /* addtocontactslabel.png */; };
		AD544C91164C179D00329E44 /* donebutton.png in Resources */ = {isa = PBXBuildFile; fileRef = AD544C8F164C179D00329E44 /* donebutton.png */; };
		AD544C92164C179D00329E44 /* donebuttondown.png in Resources */ = {isa = PBXBuildFile; fileRef = AD544C90164C179D00329E44 /* donebuttondown.png */; };
		AD544C95164C17B600329E44 /* emaillabel.png in Resources */ = {isa = PBXBuildFile; fileRef = AD544C93164C17B600329E44 /* emaillabel.png */; };
		AD544C96164C17B600329E44 /* namelabel.png in Resources */ = {isa = PBXBuildFile; fileRef = AD544C94164C17B600329E44 /* namelabel.png */; };
		AD544C98164C17C000329E44 /* q.png in Resources */ = {isa = PBXBuildFile; fileRef = AD544C97164C17C000329E44 /* q.png */; };
		AD544C9B164C17DE00329E44 /* quotifybuttonup.png in Resources */ = {isa = PBXBuildFile; fileRef = AD544C99164C17DE00329E44 /* quotifybuttonup.png */; };
		AD544C9C164C17DE00329E44 /* quotifybuttondown.png in Resources */ = {isa = PBXBuildFile; fileRef = AD544C9A164C17DE00329E44 /* quotifybuttondown.png */; };
		AD544C9E164C17F200329E44 /* settingsbackground.png in Resources */ = {isa = PBXBuildFile; fileRef = AD544C9D164C17F200329E44 /* settingsbackground.png */; };
		AD5EE76B141297820017937D /* QuartzCore.framework in Frameworks */ = {isa = PBXBuildFile; fileRef = AD5EE76A141297820017937D /* QuartzCore.framework */; };
		AD7B2D7516422B8200510DCA /* background@2x.png in Resources */ = {isa = PBXBuildFile; fileRef = AD7B2D7416422B8200510DCA /* background@2x.png */; };
		AD7B2D8D16422C1200510DCA /* confirmationbackground@2x.png in Resources */ = {isa = PBXBuildFile; fileRef = AD7B2D7716422C0F00510DCA /* confirmationbackground@2x.png */; };
		AD7B2D8E16422C1200510DCA /* confirmationblankphoto@2x.png in Resources */ = {isa = PBXBuildFile; fileRef = AD7B2D7816422C0F00510DCA /* confirmationblankphoto@2x.png */; };
		AD7B2D8F16422C1200510DCA /* confirmationphotobox.png in Resources */ = {isa = PBXBuildFile; fileRef = AD7B2D7916422C1000510DCA /* confirmationphotobox.png */; };
		AD7B2D9016422C1200510DCA /* email@2x.png in Resources */ = {isa = PBXBuildFile; fileRef = AD7B2D7A16422C1000510DCA /* email@2x.png */; };
		AD7B2D9116422C1200510DCA /* facebookdown@2x.png in Resources */ = {isa = PBXBuildFile; fileRef = AD7B2D7B16422C1000510DCA /* facebookdown@2x.png */; };
		AD7B2D9216422C1200510DCA /* facebooklogin@2x.png in Resources */ = {isa = PBXBuildFile; fileRef = AD7B2D7C16422C1000510DCA /* facebooklogin@2x.png */; };
		AD7B2D9316422C1200510DCA /* feedback@2x.png in Resources */ = {isa = PBXBuildFile; fileRef = AD7B2D7D16422C1000510DCA /* feedback@2x.png */; };
		AD7B2D9416422C1200510DCA /* feedbackdown@2x.png in Resources */ = {isa = PBXBuildFile; fileRef = AD7B2D7E16422C1000510DCA /* feedbackdown@2x.png */; };
		AD7B2D9516422C1200510DCA /* icon@2x.png in Resources */ = {isa = PBXBuildFile; fileRef = AD7B2D7F16422C1000510DCA /* icon@2x.png */; };
		AD7B2D9616422C1200510DCA /* login@2x.png in Resources */ = {isa = PBXBuildFile; fileRef = AD7B2D8016422C1000510DCA /* login@2x.png */; };
		AD7B2D9716422C1200510DCA /* logindown@2x.png in Resources */ = {isa = PBXBuildFile; fileRef = AD7B2D8116422C1000510DCA /* logindown@2x.png */; };
		AD7B2D9816422C1200510DCA /* logout@2x.png in Resources */ = {isa = PBXBuildFile; fileRef = AD7B2D8216422C1100510DCA /* logout@2x.png */; };
		AD7B2D9916422C1200510DCA /* logoutdown@2x.png in Resources */ = {isa = PBXBuildFile; fileRef = AD7B2D8316422C1100510DCA /* logoutdown@2x.png */; };
		AD7B2D9A16422C1200510DCA /* people@2x.png in Resources */ = {isa = PBXBuildFile; fileRef = AD7B2D8416422C1100510DCA /* people@2x.png */; };
		AD7B2D9B16422C1200510DCA /* person@2x.png in Resources */ = {isa = PBXBuildFile; fileRef = AD7B2D8516422C1100510DCA /* person@2x.png */; };
		AD7B2D9C16422C1200510DCA /* photo@2x.png in Resources */ = {isa = PBXBuildFile; fileRef = AD7B2D8616422C1100510DCA /* photo@2x.png */; };
		AD7B2D9D16422C1200510DCA /* photodown@2x.png in Resources */ = {isa = PBXBuildFile; fileRef = AD7B2D8716422C1100510DCA /* photodown@2x.png */; };
		AD7B2D9E16422C1200510DCA /* quotebubble@2x.png in Resources */ = {isa = PBXBuildFile; fileRef = AD7B2D8816422C1100510DCA /* quotebubble@2x.png */; };
		AD7B2D9F16422C1200510DCA /* Default@2x.png in Resources */ = {isa = PBXBuildFile; fileRef = AD7B2D8916422C1100510DCA /* Default@2x.png */; };
		AD7B2DA016422C1200510DCA /* topbar@2x.png in Resources */ = {isa = PBXBuildFile; fileRef = AD7B2D8A16422C1100510DCA /* topbar@2x.png */; };
		AD7B2DA116422C1200510DCA /* video@2x.png in Resources */ = {isa = PBXBuildFile; fileRef = AD7B2D8B16422C1100510DCA /* video@2x.png */; };
		AD7B2DA216422C1200510DCA /* videodown@2x.png in Resources */ = {isa = PBXBuildFile; fileRef = AD7B2D8C16422C1200510DCA /* videodown@2x.png */; };
		AD7CECF9139A92CC003A0A37 /* CoreLocation.framework in Frameworks */ = {isa = PBXBuildFile; fileRef = AD7CECF8139A92CC003A0A37 /* CoreLocation.framework */; };
		AD7CECFC139A934A003A0A37 /* CoreLocationController.m in Sources */ = {isa = PBXBuildFile; fileRef = AD7CECFB139A934A003A0A37 /* CoreLocationController.m */; };
		AD9F5A8915F058370024A55F /* MessageUI.framework in Frameworks */ = {isa = PBXBuildFile; fileRef = AD9F5A8815F058370024A55F /* MessageUI.framework */; };
		ADA265101396ACAD00F9155C /* Entitlements.plist in Resources */ = {isa = PBXBuildFile; fileRef = ADA2650F1396ACAD00F9155C /* Entitlements.plist */; };
		ADAEF3851361E9A4002F94A1 /* UIKit.framework in Frameworks */ = {isa = PBXBuildFile; fileRef = ADAEF3841361E9A4002F94A1 /* UIKit.framework */; };
		ADAEF3871361E9A4002F94A1 /* Foundation.framework in Frameworks */ = {isa = PBXBuildFile; fileRef = ADAEF3861361E9A4002F94A1 /* Foundation.framework */; };
		ADAEF3891361E9A4002F94A1 /* CoreGraphics.framework in Frameworks */ = {isa = PBXBuildFile; fileRef = ADAEF3881361E9A4002F94A1 /* CoreGraphics.framework */; };
		ADAEF38F1361E9A4002F94A1 /* InfoPlist.strings in Resources */ = {isa = PBXBuildFile; fileRef = ADAEF38D1361E9A4002F94A1 /* InfoPlist.strings */; };
		ADAEF3921361E9A4002F94A1 /* main.m in Sources */ = {isa = PBXBuildFile; fileRef = ADAEF3911361E9A4002F94A1 /* main.m */; };
		ADAEF3951361E9A4002F94A1 /* QuotifyAppDelegate.m in Sources */ = {isa = PBXBuildFile; fileRef = ADAEF3941361E9A4002F94A1 /* QuotifyAppDelegate.m */; };
		ADAEF3981361E9A4002F94A1 /* MainWindow.xib in Resources */ = {isa = PBXBuildFile; fileRef = ADAEF3961361E9A4002F94A1 /* MainWindow.xib */; };
		ADAEF39B1361E9A4002F94A1 /* QuotifyViewController.m in Sources */ = {isa = PBXBuildFile; fileRef = ADAEF39A1361E9A4002F94A1 /* QuotifyViewController.m */; };
		ADAEF39E1361E9A4002F94A1 /* QuotifyViewController.xib in Resources */ = {isa = PBXBuildFile; fileRef = ADAEF39C1361E9A4002F94A1 /* QuotifyViewController.xib */; };
		ADAEF3A51361E9A5002F94A1 /* UIKit.framework in Frameworks */ = {isa = PBXBuildFile; fileRef = ADAEF3841361E9A4002F94A1 /* UIKit.framework */; };
		ADAEF3A61361E9A5002F94A1 /* Foundation.framework in Frameworks */ = {isa = PBXBuildFile; fileRef = ADAEF3861361E9A4002F94A1 /* Foundation.framework */; };
		ADAEF3A71361E9A5002F94A1 /* CoreGraphics.framework in Frameworks */ = {isa = PBXBuildFile; fileRef = ADAEF3881361E9A4002F94A1 /* CoreGraphics.framework */; };
		ADAEF3AF1361E9A5002F94A1 /* InfoPlist.strings in Resources */ = {isa = PBXBuildFile; fileRef = ADAEF3AD1361E9A5002F94A1 /* InfoPlist.strings */; };
		ADAEF3B21361E9A5002F94A1 /* QuotifyTests.h in Resources */ = {isa = PBXBuildFile; fileRef = ADAEF3B11361E9A5002F94A1 /* QuotifyTests.h */; };
		ADAEF3B41361E9A5002F94A1 /* QuotifyTests.m in Sources */ = {isa = PBXBuildFile; fileRef = ADAEF3B31361E9A5002F94A1 /* QuotifyTests.m */; };
		ADAEF3DB1367BAFC002F94A1 /* Quote.m in Sources */ = {isa = PBXBuildFile; fileRef = ADAEF3DA1367BAFC002F94A1 /* Quote.m */; };
		ADAEF6231367D38F002F94A1 /* Comm.m in Sources */ = {isa = PBXBuildFile; fileRef = ADAEF6221367D38F002F94A1 /* Comm.m */; };
		ADB95528158E12950081EF04 /* Q4.mov in Resources */ = {isa = PBXBuildFile; fileRef = ADB95527158E12950081EF04 /* Q4.mov */; };
		ADBA6E4F14DFA7AA006AF908 /* stripesbackground.png in Resources */ = {isa = PBXBuildFile; fileRef = ADBA6E4C14DFA7AA006AF908 /* stripesbackground.png */; };
		ADBA6E5414E0E14A006AF908 /* backgroundconfirmation.png in Resources */ = {isa = PBXBuildFile; fileRef = ADBA6E5314E0E14A006AF908 /* backgroundconfirmation.png */; };
		ADBA6E5614E0E158006AF908 /* confirmationbubble.png in Resources */ = {isa = PBXBuildFile; fileRef = ADBA6E5514E0E158006AF908 /* confirmationbubble.png */; };
		ADBA6E5914E0E17B006AF908 /* photodown.png in Resources */ = {isa = PBXBuildFile; fileRef = ADBA6E5714E0E17B006AF908 /* photodown.png */; };
		ADBA6E5A14E0E17B006AF908 /* photo.png in Resources */ = {isa = PBXBuildFile; fileRef = ADBA6E5814E0E17B006AF908 /* photo.png */; };
		ADBA6E5C14E0E185006AF908 /* quotebubble.png in Resources */ = {isa = PBXBuildFile; fileRef = ADBA6E5B14E0E185006AF908 /* quotebubble.png */; };
		ADBA6E5E14E0E197006AF908 /* settingsup-1.png in Resources */ = {isa = PBXBuildFile; fileRef = ADBA6E5D14E0E197006AF908 /* settingsup-1.png */; };
		ADC5A99E14DE594300AEE72E /* confirmationphotobox.png in Resources */ = {isa = PBXBuildFile; fileRef = ADC5A99D14DE594300AEE72E /* confirmationphotobox.png */; };
		ADD5BC63145100CD009D475C /* AddressBook.framework in Frameworks */ = {isa = PBXBuildFile; fileRef = ADD5BC62145100CD009D475C /* AddressBook.framework */; };
		ADD5BC65145100D3009D475C /* AddressBookUI.framework in Frameworks */ = {isa = PBXBuildFile; fileRef = ADD5BC64145100D3009D475C /* AddressBookUI.framework */; };
		ADD667D4158DF863005A58DF /* MediaPlayer.framework in Frameworks */ = {isa = PBXBuildFile; fileRef = ADD667D3158DF863005A58DF /* MediaPlayer.framework */; };
		ADDCB98414DDA34100CE9019 /* people.png in Resources */ = {isa = PBXBuildFile; fileRef = ADDCB97E14DDA34100CE9019 /* people.png */; };
		ADDCB98514DDA34100CE9019 /* person.png in Resources */ = {isa = PBXBuildFile; fileRef = ADDCB97F14DDA34100CE9019 /* person.png */; };
		ADDCB98914DDA37B00CE9019 /* icon.png in Resources */ = {isa = PBXBuildFile; fileRef = ADDCB98814DDA37B00CE9019 /* icon.png */; };
		ADDCB99614DDAF8C00CE9019 /* Default.png in Resources */ = {isa = PBXBuildFile; fileRef = ADDCB99014DDAE7700CE9019 /* Default.png */; };
		ADE4272214DF2A7F00FE6A5B /* donedown.png in Resources */ = {isa = PBXBuildFile; fileRef = ADE4271F14DF2A7E00FE6A5B /* donedown.png */; };
		ADE4272314DF2A7F00FE6A5B /* doneup.png in Resources */ = {isa = PBXBuildFile; fileRef = ADE4272014DF2A7E00FE6A5B /* doneup.png */; };
		ADE8125814E20A4300DA78EC /* Utility.m in Sources */ = {isa = PBXBuildFile; fileRef = ADE8125714E20A4300DA78EC /* Utility.m */; };
		ADF0F9E913A15C63000AC8FC /* Facebook.m in Sources */ = {isa = PBXBuildFile; fileRef = ADF0F9CE13A15C63000AC8FC /* Facebook.m */; settings = {COMPILER_FLAGS = "-fno-objc-arc"; }; };
		ADF0F9EA13A15C63000AC8FC /* FBDialog.bundle in Resources */ = {isa = PBXBuildFile; fileRef = ADF0F9D113A15C63000AC8FC /* FBDialog.bundle */; };
		ADF0F9EB13A15C63000AC8FC /* FBDialog.m in Sources */ = {isa = PBXBuildFile; fileRef = ADF0F9D313A15C63000AC8FC /* FBDialog.m */; settings = {COMPILER_FLAGS = "-fno-objc-arc"; }; };
		ADF0F9EC13A15C63000AC8FC /* FBLoginDialog.m in Sources */ = {isa = PBXBuildFile; fileRef = ADF0F9D513A15C63000AC8FC /* FBLoginDialog.m */; settings = {COMPILER_FLAGS = "-fno-objc-arc"; }; };
		ADF0F9ED13A15C63000AC8FC /* FBRequest.m in Sources */ = {isa = PBXBuildFile; fileRef = ADF0F9D713A15C63000AC8FC /* FBRequest.m */; settings = {COMPILER_FLAGS = "-fno-objc-arc"; }; };
		ADF0F9EE13A15C63000AC8FC /* NSObject+SBJSON.m in Sources */ = {isa = PBXBuildFile; fileRef = ADF0F9DB13A15C63000AC8FC /* NSObject+SBJSON.m */; settings = {COMPILER_FLAGS = "-fno-objc-arc"; }; };
		ADF0F9EF13A15C63000AC8FC /* NSString+SBJSON.m in Sources */ = {isa = PBXBuildFile; fileRef = ADF0F9DD13A15C63000AC8FC /* NSString+SBJSON.m */; settings = {COMPILER_FLAGS = "-fno-objc-arc"; }; };
		ADF0F9F013A15C63000AC8FC /* SBJSON.m in Sources */ = {isa = PBXBuildFile; fileRef = ADF0F9DF13A15C63000AC8FC /* SBJSON.m */; settings = {COMPILER_FLAGS = "-fno-objc-arc"; }; };
		ADF0F9F113A15C63000AC8FC /* SBJsonBase.m in Sources */ = {isa = PBXBuildFile; fileRef = ADF0F9E113A15C63000AC8FC /* SBJsonBase.m */; settings = {COMPILER_FLAGS = "-fno-objc-arc"; }; };
		ADF0F9F213A15C63000AC8FC /* SBJsonParser.m in Sources */ = {isa = PBXBuildFile; fileRef = ADF0F9E313A15C63000AC8FC /* SBJsonParser.m */; settings = {COMPILER_FLAGS = "-fno-objc-arc"; }; };
		ADF0F9F313A15C63000AC8FC /* SBJsonWriter.m in Sources */ = {isa = PBXBuildFile; fileRef = ADF0F9E513A15C63000AC8FC /* SBJsonWriter.m */; settings = {COMPILER_FLAGS = "-fno-objc-arc"; }; };
		ADF1604314DE5630000B5343 /* icon57.png in Resources */ = {isa = PBXBuildFile; fileRef = ADF1604214DE5630000B5343 /* icon57.png */; };
		ADF1604514DE5632000B5343 /* icon114.png in Resources */ = {isa = PBXBuildFile; fileRef = ADF1604414DE5632000B5343 /* icon114.png */; };
		ADF1604814DE5656000B5343 /* settingsdown.png in Resources */ = {isa = PBXBuildFile; fileRef = ADF1604614DE5656000B5343 /* settingsdown.png */; };
		DD09DCA013A2980C007A0786 /* FBConnect.bundle in Resources */ = {isa = PBXBuildFile; fileRef = DD09DC9D13A2980B007A0786 /* FBConnect.bundle */; };
		DD09DCA113A2980C007A0786 /* FBLoginButton.m in Sources */ = {isa = PBXBuildFile; fileRef = DD09DC9F13A2980B007A0786 /* FBLoginButton.m */; settings = {COMPILER_FLAGS = "-fno-objc-arc"; }; };
		DD2C036B158D7A73000C9CD8 /* HistoryViewController2.m in Sources */ = {isa = PBXBuildFile; fileRef = DD2C0369158D7A72000C9CD8 /* HistoryViewController2.m */; };
		DD2C036C158D7A73000C9CD8 /* HistoryViewController2.xib in Resources */ = {isa = PBXBuildFile; fileRef = DD2C036A158D7A72000C9CD8 /* HistoryViewController2.xib */; };
		DD2C037A158D8347000C9CD8 /* LoginNormal.png in Resources */ = {isa = PBXBuildFile; fileRef = DD2C036D158D8347000C9CD8 /* LoginNormal.png */; };
		DD2C037B158D8347000C9CD8 /* LoginNormal@2x.png in Resources */ = {isa = PBXBuildFile; fileRef = DD2C036E158D8347000C9CD8 /* LoginNormal@2x.png */; };
		DD2C037C158D8347000C9CD8 /* LoginPressed.png in Resources */ = {isa = PBXBuildFile; fileRef = DD2C036F158D8347000C9CD8 /* LoginPressed.png */; };
		DD2C037D158D8347000C9CD8 /* LoginPressed@2x.png in Resources */ = {isa = PBXBuildFile; fileRef = DD2C0370158D8347000C9CD8 /* LoginPressed@2x.png */; };
		DD2C037F158D8347000C9CD8 /* LoginWithFacebookNormal@2x.png in Resources */ = {isa = PBXBuildFile; fileRef = DD2C0372158D8347000C9CD8 /* LoginWithFacebookNormal@2x.png */; };
		DD2C0380158D8347000C9CD8 /* LoginWithFacebookPressed.png in Resources */ = {isa = PBXBuildFile; fileRef = DD2C0373158D8347000C9CD8 /* LoginWithFacebookPressed.png */; };
		DD2C0381158D8347000C9CD8 /* LoginWithFacebookPressed@2x.png in Resources */ = {isa = PBXBuildFile; fileRef = DD2C0374158D8347000C9CD8 /* LoginWithFacebookPressed@2x.png */; };
		DD2C0382158D8347000C9CD8 /* LogoutNormal.png in Resources */ = {isa = PBXBuildFile; fileRef = DD2C0375158D8347000C9CD8 /* LogoutNormal.png */; };
		DD2C0383158D8347000C9CD8 /* LogoutNormal@2x.png in Resources */ = {isa = PBXBuildFile; fileRef = DD2C0376158D8347000C9CD8 /* LogoutNormal@2x.png */; };
		DD2C0384158D8347000C9CD8 /* LogoutPressed.png in Resources */ = {isa = PBXBuildFile; fileRef = DD2C0377158D8347000C9CD8 /* LogoutPressed.png */; };
		DD2C0385158D8347000C9CD8 /* LogoutPressed@2x.png in Resources */ = {isa = PBXBuildFile; fileRef = DD2C0378158D8347000C9CD8 /* LogoutPressed@2x.png */; };
		DD2C0386158D8347000C9CD8 /* runaround_image.jpg in Resources */ = {isa = PBXBuildFile; fileRef = DD2C0379158D8347000C9CD8 /* runaround_image.jpg */; };
		DD2C0388158D91AB000C9CD8 /* kinder_egg.jpg in Resources */ = {isa = PBXBuildFile; fileRef = DD2C0387158D91AB000C9CD8 /* kinder_egg.jpg */; };
		DD560CEE139AC8640047A926 /* MapKit.framework in Frameworks */ = {isa = PBXBuildFile; fileRef = DD560CED139AC8640047A926 /* MapKit.framework */; };
		DD88B5471593DE5300D012E4 /* QuoteWebViewController.m in Sources */ = {isa = PBXBuildFile; fileRef = DD88B5451593DE5300D012E4 /* QuoteWebViewController.m */; };
		DD88B5481593DE5300D012E4 /* QuoteWebViewController.xib in Resources */ = {isa = PBXBuildFile; fileRef = DD88B5461593DE5300D012E4 /* QuoteWebViewController.xib */; };
		DD92C2761583F19700460CF8 /* LoginWithFacebookNormal_1.png in Resources */ = {isa = PBXBuildFile; fileRef = DD92C2751583F19700460CF8 /* LoginWithFacebookNormal_1.png */; };
		DDBD101A13944B7400A40AF4 /* SuccessViewController.m in Sources */ = {isa = PBXBuildFile; fileRef = DDBD101813944B7300A40AF4 /* SuccessViewController.m */; };
		DDBD101B13944B7400A40AF4 /* SuccessViewController.xib in Resources */ = {isa = PBXBuildFile; fileRef = DDBD101913944B7300A40AF4 /* SuccessViewController.xib */; };
/* End PBXBuildFile section */

/* Begin PBXContainerItemProxy section */
		ADAEF3A81361E9A5002F94A1 /* PBXContainerItemProxy */ = {
			isa = PBXContainerItemProxy;
			containerPortal = ADAEF3771361E9A4002F94A1 /* Project object */;
			proxyType = 1;
			remoteGlobalIDString = ADAEF37F1361E9A4002F94A1;
			remoteInfo = Quotify;
		};
/* End PBXContainerItemProxy section */

/* Begin PBXFileReference section */
		AD1F5DBB14E4A0F00005D248 /* emailfield.png */ = {isa = PBXFileReference; lastKnownFileType = image.png; path = emailfield.png; sourceTree = "<group>"; };
		AD1F5DC214E6EDAD0005D248 /* blankbackground.png */ = {isa = PBXFileReference; lastKnownFileType = image.png; path = blankbackground.png; sourceTree = "<group>"; };
		AD28E47F15E1B84100BC531C /* MPCJSONDataSerializer.h */ = {isa = PBXFileReference; fileEncoding = 4; lastKnownFileType = sourcecode.c.h; path = MPCJSONDataSerializer.h; sourceTree = "<group>"; };
		AD28E48015E1B84100BC531C /* MPCJSONDataSerializer.m */ = {isa = PBXFileReference; fileEncoding = 4; lastKnownFileType = sourcecode.c.objc; path = MPCJSONDataSerializer.m; sourceTree = "<group>"; };
		AD28E48115E1B84100BC531C /* MPCJSONSerializer.h */ = {isa = PBXFileReference; fileEncoding = 4; lastKnownFileType = sourcecode.c.h; path = MPCJSONSerializer.h; sourceTree = "<group>"; };
		AD28E48215E1B84100BC531C /* MPCJSONSerializer.m */ = {isa = PBXFileReference; fileEncoding = 4; lastKnownFileType = sourcecode.c.objc; path = MPCJSONSerializer.m; sourceTree = "<group>"; };
		AD28E48315E1B84100BC531C /* MPCSerializedJSONData.h */ = {isa = PBXFileReference; fileEncoding = 4; lastKnownFileType = sourcecode.c.h; path = MPCSerializedJSONData.h; sourceTree = "<group>"; };
		AD28E48415E1B84100BC531C /* MPCSerializedJSONData.m */ = {isa = PBXFileReference; fileEncoding = 4; lastKnownFileType = sourcecode.c.objc; path = MPCSerializedJSONData.m; sourceTree = "<group>"; };
		AD28E48615E1B84100BC531C /* NSData+MPBase64.h */ = {isa = PBXFileReference; fileEncoding = 4; lastKnownFileType = sourcecode.c.h; path = "NSData+MPBase64.h"; sourceTree = "<group>"; };
		AD28E48715E1B84100BC531C /* NSData+MPBase64.m */ = {isa = PBXFileReference; fileEncoding = 4; lastKnownFileType = sourcecode.c.objc; path = "NSData+MPBase64.m"; sourceTree = "<group>"; };
		AD28E48815E1B84100BC531C /* MixpanelAPI.h */ = {isa = PBXFileReference; fileEncoding = 4; lastKnownFileType = sourcecode.c.h; path = MixpanelAPI.h; sourceTree = "<group>"; };
		AD28E48915E1B84100BC531C /* MixpanelAPI.m */ = {isa = PBXFileReference; fileEncoding = 4; lastKnownFileType = sourcecode.c.objc; path = MixpanelAPI.m; sourceTree = "<group>"; };
		AD28E48A15E1B84100BC531C /* MixpanelAPI_Private.h */ = {isa = PBXFileReference; fileEncoding = 4; lastKnownFileType = sourcecode.c.h; path = MixpanelAPI_Private.h; sourceTree = "<group>"; };
		AD28E48B15E1B84100BC531C /* MixpanelEvent.h */ = {isa = PBXFileReference; fileEncoding = 4; lastKnownFileType = sourcecode.c.h; path = MixpanelEvent.h; sourceTree = "<group>"; };
		AD28E48C15E1B84100BC531C /* MixpanelEvent.m */ = {isa = PBXFileReference; fileEncoding = 4; lastKnownFileType = sourcecode.c.objc; path = MixpanelEvent.m; sourceTree = "<group>"; };
		AD2C771E161C03CB00401A5F /* facebook-down.png */ = {isa = PBXFileReference; lastKnownFileType = image.png; path = "facebook-down.png"; sourceTree = "<group>"; };
		AD2C771F161C03CB00401A5F /* facebook.png */ = {isa = PBXFileReference; lastKnownFileType = image.png; path = facebook.png; sourceTree = "<group>"; };
		AD2C7720161C03CB00401A5F /* feedback-down.png */ = {isa = PBXFileReference; lastKnownFileType = image.png; path = "feedback-down.png"; sourceTree = "<group>"; };
		AD2C7721161C03CB00401A5F /* feedback.png */ = {isa = PBXFileReference; lastKnownFileType = image.png; path = feedback.png; sourceTree = "<group>"; };
		AD2C7722161C03CB00401A5F /* quotifyTopbar.png */ = {isa = PBXFileReference; lastKnownFileType = image.png; path = quotifyTopbar.png; sourceTree = "<group>"; };
		AD2C7723161C03CB00401A5F /* video-down.png */ = {isa = PBXFileReference; lastKnownFileType = image.png; path = "video-down.png"; sourceTree = "<group>"; };
		AD2C7724161C03CB00401A5F /* video.png */ = {isa = PBXFileReference; lastKnownFileType = image.png; path = video.png; sourceTree = "<group>"; };
		AD544C8C164C178E00329E44 /* addtocontactslabel.png */ = {isa = PBXFileReference; lastKnownFileType = image.png; path = addtocontactslabel.png; sourceTree = "<group>"; };
		AD544C8F164C179D00329E44 /* donebutton.png */ = {isa = PBXFileReference; lastKnownFileType = image.png; path = donebutton.png; sourceTree = "<group>"; };
		AD544C90164C179D00329E44 /* donebuttondown.png */ = {isa = PBXFileReference; lastKnownFileType = image.png; path = donebuttondown.png; sourceTree = "<group>"; };
		AD544C93164C17B600329E44 /* emaillabel.png */ = {isa = PBXFileReference; lastKnownFileType = image.png; path = emaillabel.png; sourceTree = "<group>"; };
		AD544C94164C17B600329E44 /* namelabel.png */ = {isa = PBXFileReference; lastKnownFileType = image.png; path = namelabel.png; sourceTree = "<group>"; };
		AD544C97164C17C000329E44 /* q.png */ = {isa = PBXFileReference; lastKnownFileType = image.png; path = q.png; sourceTree = "<group>"; };
		AD544C99164C17DE00329E44 /* quotifybuttonup.png */ = {isa = PBXFileReference; lastKnownFileType = image.png; path = quotifybuttonup.png; sourceTree = "<group>"; };
		AD544C9A164C17DE00329E44 /* quotifybuttondown.png */ = {isa = PBXFileReference; lastKnownFileType = image.png; path = quotifybuttondown.png; sourceTree = "<group>"; };
		AD544C9D164C17F200329E44 /* settingsbackground.png */ = {isa = PBXFileReference; lastKnownFileType = image.png; path = settingsbackground.png; sourceTree = "<group>"; };
		AD5EE76A141297820017937D /* QuartzCore.framework */ = {isa = PBXFileReference; lastKnownFileType = wrapper.framework; name = QuartzCore.framework; path = System/Library/Frameworks/QuartzCore.framework; sourceTree = SDKROOT; };
		AD7B2D7416422B8200510DCA /* background@2x.png */ = {isa = PBXFileReference; lastKnownFileType = image.png; name = "background@2x.png"; path = "../../../Desktop/NewGraphics/background@2x.png"; sourceTree = "<group>"; };
		AD7B2D7716422C0F00510DCA /* confirmationbackground@2x.png */ = {isa = PBXFileReference; lastKnownFileType = image.png; name = "confirmationbackground@2x.png"; path = "../../../Desktop/NewGraphics/confirmationbackground@2x.png"; sourceTree = "<group>"; };
		AD7B2D7816422C0F00510DCA /* confirmationblankphoto@2x.png */ = {isa = PBXFileReference; lastKnownFileType = image.png; name = "confirmationblankphoto@2x.png"; path = "../../../Desktop/NewGraphics/confirmationblankphoto@2x.png"; sourceTree = "<group>"; };
		AD7B2D7916422C1000510DCA /* confirmationphotobox.png */ = {isa = PBXFileReference; lastKnownFileType = image.png; name = confirmationphotobox.png; path = ../../../Desktop/NewGraphics/confirmationphotobox.png; sourceTree = "<group>"; };
		AD7B2D7A16422C1000510DCA /* email@2x.png */ = {isa = PBXFileReference; lastKnownFileType = image.png; name = "email@2x.png"; path = "../../../Desktop/NewGraphics/email@2x.png"; sourceTree = "<group>"; };
		AD7B2D7B16422C1000510DCA /* facebookdown@2x.png */ = {isa = PBXFileReference; lastKnownFileType = image.png; name = "facebookdown@2x.png"; path = "../../../Desktop/NewGraphics/facebookdown@2x.png"; sourceTree = "<group>"; };
		AD7B2D7C16422C1000510DCA /* facebooklogin@2x.png */ = {isa = PBXFileReference; lastKnownFileType = image.png; name = "facebooklogin@2x.png"; path = "../../../Desktop/NewGraphics/facebooklogin@2x.png"; sourceTree = "<group>"; };
		AD7B2D7D16422C1000510DCA /* feedback@2x.png */ = {isa = PBXFileReference; lastKnownFileType = image.png; name = "feedback@2x.png"; path = "../../../Desktop/NewGraphics/feedback@2x.png"; sourceTree = "<group>"; };
		AD7B2D7E16422C1000510DCA /* feedbackdown@2x.png */ = {isa = PBXFileReference; lastKnownFileType = image.png; name = "feedbackdown@2x.png"; path = "../../../Desktop/NewGraphics/feedbackdown@2x.png"; sourceTree = "<group>"; };
		AD7B2D7F16422C1000510DCA /* icon@2x.png */ = {isa = PBXFileReference; lastKnownFileType = image.png; name = "icon@2x.png"; path = "../../../Desktop/NewGraphics/icon@2x.png"; sourceTree = "<group>"; };
		AD7B2D8016422C1000510DCA /* login@2x.png */ = {isa = PBXFileReference; lastKnownFileType = image.png; name = "login@2x.png"; path = "../../../Desktop/NewGraphics/login@2x.png"; sourceTree = "<group>"; };
		AD7B2D8116422C1000510DCA /* logindown@2x.png */ = {isa = PBXFileReference; lastKnownFileType = image.png; name = "logindown@2x.png"; path = "../../../Desktop/NewGraphics/logindown@2x.png"; sourceTree = "<group>"; };
		AD7B2D8216422C1100510DCA /* logout@2x.png */ = {isa = PBXFileReference; lastKnownFileType = image.png; name = "logout@2x.png"; path = "../../../Desktop/NewGraphics/logout@2x.png"; sourceTree = "<group>"; };
		AD7B2D8316422C1100510DCA /* logoutdown@2x.png */ = {isa = PBXFileReference; lastKnownFileType = image.png; name = "logoutdown@2x.png"; path = "../../../Desktop/NewGraphics/logoutdown@2x.png"; sourceTree = "<group>"; };
		AD7B2D8416422C1100510DCA /* people@2x.png */ = {isa = PBXFileReference; lastKnownFileType = image.png; name = "people@2x.png"; path = "../../../Desktop/NewGraphics/people@2x.png"; sourceTree = "<group>"; };
		AD7B2D8516422C1100510DCA /* person@2x.png */ = {isa = PBXFileReference; lastKnownFileType = image.png; name = "person@2x.png"; path = "../../../Desktop/NewGraphics/person@2x.png"; sourceTree = "<group>"; };
		AD7B2D8616422C1100510DCA /* photo@2x.png */ = {isa = PBXFileReference; lastKnownFileType = image.png; name = "photo@2x.png"; path = "../../../Desktop/NewGraphics/photo@2x.png"; sourceTree = "<group>"; };
		AD7B2D8716422C1100510DCA /* photodown@2x.png */ = {isa = PBXFileReference; lastKnownFileType = image.png; name = "photodown@2x.png"; path = "../../../Desktop/NewGraphics/photodown@2x.png"; sourceTree = "<group>"; };
		AD7B2D8816422C1100510DCA /* quotebubble@2x.png */ = {isa = PBXFileReference; lastKnownFileType = image.png; name = "quotebubble@2x.png"; path = "../../../Desktop/NewGraphics/quotebubble@2x.png"; sourceTree = "<group>"; };
		AD7B2D8916422C1100510DCA /* Default@2x.png */ = {isa = PBXFileReference; lastKnownFileType = image.png; name = "Default@2x.png"; path = "../../Desktop/NewGraphics/Default@2x.png"; sourceTree = "<group>"; };
		AD7B2D8A16422C1100510DCA /* topbar@2x.png */ = {isa = PBXFileReference; lastKnownFileType = image.png; name = "topbar@2x.png"; path = "../../../Desktop/NewGraphics/topbar@2x.png"; sourceTree = "<group>"; };
		AD7B2D8B16422C1100510DCA /* video@2x.png */ = {isa = PBXFileReference; lastKnownFileType = image.png; name = "video@2x.png"; path = "../../../Desktop/NewGraphics/video@2x.png"; sourceTree = "<group>"; };
		AD7B2D8C16422C1200510DCA /* videodown@2x.png */ = {isa = PBXFileReference; lastKnownFileType = image.png; name = "videodown@2x.png"; path = "../../../Desktop/NewGraphics/videodown@2x.png"; sourceTree = "<group>"; };
		AD7CECF8139A92CC003A0A37 /* CoreLocation.framework */ = {isa = PBXFileReference; lastKnownFileType = wrapper.framework; name = CoreLocation.framework; path = System/Library/Frameworks/CoreLocation.framework; sourceTree = SDKROOT; };
		AD7CECFA139A934A003A0A37 /* CoreLocationController.h */ = {isa = PBXFileReference; fileEncoding = 4; lastKnownFileType = sourcecode.c.h; name = CoreLocationController.h; path = ../CoreLocationController.h; sourceTree = "<group>"; };
		AD7CECFB139A934A003A0A37 /* CoreLocationController.m */ = {isa = PBXFileReference; fileEncoding = 4; lastKnownFileType = sourcecode.c.objc; name = CoreLocationController.m; path = ../CoreLocationController.m; sourceTree = "<group>"; };
		AD9F5A8815F058370024A55F /* MessageUI.framework */ = {isa = PBXFileReference; lastKnownFileType = wrapper.framework; name = MessageUI.framework; path = System/Library/Frameworks/MessageUI.framework; sourceTree = SDKROOT; };
		ADA2650F1396ACAD00F9155C /* Entitlements.plist */ = {isa = PBXFileReference; fileEncoding = 4; lastKnownFileType = text.plist.xml; path = Entitlements.plist; sourceTree = "<group>"; };
		ADAEF3801361E9A4002F94A1 /* Quotify.app */ = {isa = PBXFileReference; explicitFileType = wrapper.application; includeInIndex = 0; path = Quotify.app; sourceTree = BUILT_PRODUCTS_DIR; };
		ADAEF3841361E9A4002F94A1 /* UIKit.framework */ = {isa = PBXFileReference; lastKnownFileType = wrapper.framework; name = UIKit.framework; path = System/Library/Frameworks/UIKit.framework; sourceTree = SDKROOT; };
		ADAEF3861361E9A4002F94A1 /* Foundation.framework */ = {isa = PBXFileReference; lastKnownFileType = wrapper.framework; name = Foundation.framework; path = System/Library/Frameworks/Foundation.framework; sourceTree = SDKROOT; };
		ADAEF3881361E9A4002F94A1 /* CoreGraphics.framework */ = {isa = PBXFileReference; lastKnownFileType = wrapper.framework; name = CoreGraphics.framework; path = System/Library/Frameworks/CoreGraphics.framework; sourceTree = SDKROOT; };
		ADAEF38C1361E9A4002F94A1 /* Quotify-Info.plist */ = {isa = PBXFileReference; lastKnownFileType = text.plist.xml; path = "Quotify-Info.plist"; sourceTree = "<group>"; };
		ADAEF38E1361E9A4002F94A1 /* en */ = {isa = PBXFileReference; lastKnownFileType = text.plist.strings; name = en; path = en.lproj/InfoPlist.strings; sourceTree = "<group>"; };
		ADAEF3901361E9A4002F94A1 /* Quotify-Prefix.pch */ = {isa = PBXFileReference; lastKnownFileType = sourcecode.c.h; path = "Quotify-Prefix.pch"; sourceTree = "<group>"; };
		ADAEF3911361E9A4002F94A1 /* main.m */ = {isa = PBXFileReference; lastKnownFileType = sourcecode.c.objc; path = main.m; sourceTree = "<group>"; };
		ADAEF3931361E9A4002F94A1 /* QuotifyAppDelegate.h */ = {isa = PBXFileReference; lastKnownFileType = sourcecode.c.h; path = QuotifyAppDelegate.h; sourceTree = "<group>"; };
		ADAEF3941361E9A4002F94A1 /* QuotifyAppDelegate.m */ = {isa = PBXFileReference; lastKnownFileType = sourcecode.c.objc; path = QuotifyAppDelegate.m; sourceTree = "<group>"; };
		ADAEF3971361E9A4002F94A1 /* en */ = {isa = PBXFileReference; lastKnownFileType = file.xib; name = en; path = en.lproj/MainWindow.xib; sourceTree = "<group>"; };
		ADAEF3991361E9A4002F94A1 /* QuotifyViewController.h */ = {isa = PBXFileReference; lastKnownFileType = sourcecode.c.h; path = QuotifyViewController.h; sourceTree = "<group>"; };
		ADAEF39A1361E9A4002F94A1 /* QuotifyViewController.m */ = {isa = PBXFileReference; lastKnownFileType = sourcecode.c.objc; path = QuotifyViewController.m; sourceTree = "<group>"; };
		ADAEF39D1361E9A4002F94A1 /* en */ = {isa = PBXFileReference; lastKnownFileType = file.xib; name = en; path = en.lproj/QuotifyViewController.xib; sourceTree = "<group>"; };
		ADAEF3A41361E9A5002F94A1 /* QuotifyTests.octest */ = {isa = PBXFileReference; explicitFileType = wrapper.cfbundle; includeInIndex = 0; path = QuotifyTests.octest; sourceTree = BUILT_PRODUCTS_DIR; };
		ADAEF3AC1361E9A5002F94A1 /* QuotifyTests-Info.plist */ = {isa = PBXFileReference; lastKnownFileType = text.plist.xml; path = "QuotifyTests-Info.plist"; sourceTree = "<group>"; };
		ADAEF3AE1361E9A5002F94A1 /* en */ = {isa = PBXFileReference; lastKnownFileType = text.plist.strings; name = en; path = en.lproj/InfoPlist.strings; sourceTree = "<group>"; };
		ADAEF3B01361E9A5002F94A1 /* QuotifyTests-Prefix.pch */ = {isa = PBXFileReference; lastKnownFileType = sourcecode.c.h; path = "QuotifyTests-Prefix.pch"; sourceTree = "<group>"; };
		ADAEF3B11361E9A5002F94A1 /* QuotifyTests.h */ = {isa = PBXFileReference; lastKnownFileType = sourcecode.c.h; path = QuotifyTests.h; sourceTree = "<group>"; };
		ADAEF3B31361E9A5002F94A1 /* QuotifyTests.m */ = {isa = PBXFileReference; lastKnownFileType = sourcecode.c.objc; path = QuotifyTests.m; sourceTree = "<group>"; };
		ADAEF3D91367BAFC002F94A1 /* Quote.h */ = {isa = PBXFileReference; fileEncoding = 4; lastKnownFileType = sourcecode.c.h; name = Quote.h; path = Quotify.xcodeproj/Quote.h; sourceTree = SOURCE_ROOT; };
		ADAEF3DA1367BAFC002F94A1 /* Quote.m */ = {isa = PBXFileReference; fileEncoding = 4; lastKnownFileType = sourcecode.c.objc; name = Quote.m; path = Quotify.xcodeproj/Quote.m; sourceTree = SOURCE_ROOT; };
		ADAEF6211367D38F002F94A1 /* Comm.h */ = {isa = PBXFileReference; fileEncoding = 4; lastKnownFileType = sourcecode.c.h; path = Comm.h; sourceTree = "<group>"; };
		ADAEF6221367D38F002F94A1 /* Comm.m */ = {isa = PBXFileReference; fileEncoding = 4; lastKnownFileType = sourcecode.c.objc; path = Comm.m; sourceTree = "<group>"; };
		ADB95527158E12950081EF04 /* Q4.mov */ = {isa = PBXFileReference; lastKnownFileType = video.quicktime; path = Q4.mov; sourceTree = "<group>"; };
		ADBA6E4C14DFA7AA006AF908 /* stripesbackground.png */ = {isa = PBXFileReference; lastKnownFileType = image.png; path = stripesbackground.png; sourceTree = "<group>"; };
		ADBA6E5314E0E14A006AF908 /* backgroundconfirmation.png */ = {isa = PBXFileReference; lastKnownFileType = image.png; path = backgroundconfirmation.png; sourceTree = "<group>"; };
		ADBA6E5514E0E158006AF908 /* confirmationbubble.png */ = {isa = PBXFileReference; lastKnownFileType = image.png; path = confirmationbubble.png; sourceTree = "<group>"; };
		ADBA6E5714E0E17B006AF908 /* photodown.png */ = {isa = PBXFileReference; lastKnownFileType = image.png; path = photodown.png; sourceTree = "<group>"; };
		ADBA6E5814E0E17B006AF908 /* photo.png */ = {isa = PBXFileReference; lastKnownFileType = image.png; path = photo.png; sourceTree = "<group>"; };
		ADBA6E5B14E0E185006AF908 /* quotebubble.png */ = {isa = PBXFileReference; lastKnownFileType = image.png; path = quotebubble.png; sourceTree = "<group>"; };
		ADBA6E5D14E0E197006AF908 /* settingsup-1.png */ = {isa = PBXFileReference; lastKnownFileType = image.png; path = "settingsup-1.png"; sourceTree = "<group>"; };
		ADC5A99D14DE594300AEE72E /* confirmationphotobox.png */ = {isa = PBXFileReference; lastKnownFileType = image.png; path = confirmationphotobox.png; sourceTree = "<group>"; };
		ADD5BC62145100CD009D475C /* AddressBook.framework */ = {isa = PBXFileReference; lastKnownFileType = wrapper.framework; name = AddressBook.framework; path = System/Library/Frameworks/AddressBook.framework; sourceTree = SDKROOT; };
		ADD5BC64145100D3009D475C /* AddressBookUI.framework */ = {isa = PBXFileReference; lastKnownFileType = wrapper.framework; name = AddressBookUI.framework; path = System/Library/Frameworks/AddressBookUI.framework; sourceTree = SDKROOT; };
		ADD667D3158DF863005A58DF /* MediaPlayer.framework */ = {isa = PBXFileReference; lastKnownFileType = wrapper.framework; name = MediaPlayer.framework; path = System/Library/Frameworks/MediaPlayer.framework; sourceTree = SDKROOT; };
		ADDCB97E14DDA34100CE9019 /* people.png */ = {isa = PBXFileReference; lastKnownFileType = image.png; path = people.png; sourceTree = "<group>"; };
		ADDCB97F14DDA34100CE9019 /* person.png */ = {isa = PBXFileReference; lastKnownFileType = image.png; path = person.png; sourceTree = "<group>"; };
		ADDCB98814DDA37B00CE9019 /* icon.png */ = {isa = PBXFileReference; lastKnownFileType = image.png; path = icon.png; sourceTree = "<group>"; };
		ADDCB99014DDAE7700CE9019 /* Default.png */ = {isa = PBXFileReference; lastKnownFileType = image.png; path = Default.png; sourceTree = "<group>"; };
		ADE2F031151E719000B2D835 /* Quotify.entitlements */ = {isa = PBXFileReference; lastKnownFileType = text.xml; path = Quotify.entitlements; sourceTree = "<group>"; };
		ADE4271F14DF2A7E00FE6A5B /* donedown.png */ = {isa = PBXFileReference; lastKnownFileType = image.png; path = donedown.png; sourceTree = "<group>"; };
		ADE4272014DF2A7E00FE6A5B /* doneup.png */ = {isa = PBXFileReference; lastKnownFileType = image.png; path = doneup.png; sourceTree = "<group>"; };
		ADE8125614E20A4300DA78EC /* Utility.h */ = {isa = PBXFileReference; fileEncoding = 4; lastKnownFileType = sourcecode.c.h; name = Utility.h; path = ../Utility.h; sourceTree = "<group>"; };
		ADE8125714E20A4300DA78EC /* Utility.m */ = {isa = PBXFileReference; fileEncoding = 4; lastKnownFileType = sourcecode.c.objc; name = Utility.m; path = ../Utility.m; sourceTree = "<group>"; };
		ADF0F9CD13A15C63000AC8FC /* Facebook.h */ = {isa = PBXFileReference; fileEncoding = 4; lastKnownFileType = sourcecode.c.h; path = Facebook.h; sourceTree = "<group>"; };
		ADF0F9CE13A15C63000AC8FC /* Facebook.m */ = {isa = PBXFileReference; fileEncoding = 4; lastKnownFileType = sourcecode.c.objc; path = Facebook.m; sourceTree = "<group>"; };
		ADF0F9CF13A15C63000AC8FC /* facebook_ios_sdk_Prefix.pch */ = {isa = PBXFileReference; fileEncoding = 4; lastKnownFileType = sourcecode.c.h; path = facebook_ios_sdk_Prefix.pch; sourceTree = "<group>"; };
		ADF0F9D013A15C63000AC8FC /* FBConnect.h */ = {isa = PBXFileReference; fileEncoding = 4; lastKnownFileType = sourcecode.c.h; path = FBConnect.h; sourceTree = "<group>"; };
		ADF0F9D113A15C63000AC8FC /* FBDialog.bundle */ = {isa = PBXFileReference; lastKnownFileType = "wrapper.plug-in"; path = FBDialog.bundle; sourceTree = "<group>"; };
		ADF0F9D213A15C63000AC8FC /* FBDialog.h */ = {isa = PBXFileReference; fileEncoding = 4; lastKnownFileType = sourcecode.c.h; path = FBDialog.h; sourceTree = "<group>"; };
		ADF0F9D313A15C63000AC8FC /* FBDialog.m */ = {isa = PBXFileReference; fileEncoding = 4; lastKnownFileType = sourcecode.c.objc; path = FBDialog.m; sourceTree = "<group>"; };
		ADF0F9D413A15C63000AC8FC /* FBLoginDialog.h */ = {isa = PBXFileReference; fileEncoding = 4; lastKnownFileType = sourcecode.c.h; path = FBLoginDialog.h; sourceTree = "<group>"; };
		ADF0F9D513A15C63000AC8FC /* FBLoginDialog.m */ = {isa = PBXFileReference; fileEncoding = 4; lastKnownFileType = sourcecode.c.objc; path = FBLoginDialog.m; sourceTree = "<group>"; };
		ADF0F9D613A15C63000AC8FC /* FBRequest.h */ = {isa = PBXFileReference; fileEncoding = 4; lastKnownFileType = sourcecode.c.h; path = FBRequest.h; sourceTree = "<group>"; };
		ADF0F9D713A15C63000AC8FC /* FBRequest.m */ = {isa = PBXFileReference; fileEncoding = 4; lastKnownFileType = sourcecode.c.objc; path = FBRequest.m; sourceTree = "<group>"; };
		ADF0F9D913A15C63000AC8FC /* JSON.h */ = {isa = PBXFileReference; fileEncoding = 4; lastKnownFileType = sourcecode.c.h; path = JSON.h; sourceTree = "<group>"; };
		ADF0F9DA13A15C63000AC8FC /* NSObject+SBJSON.h */ = {isa = PBXFileReference; fileEncoding = 4; lastKnownFileType = sourcecode.c.h; path = "NSObject+SBJSON.h"; sourceTree = "<group>"; };
		ADF0F9DB13A15C63000AC8FC /* NSObject+SBJSON.m */ = {isa = PBXFileReference; fileEncoding = 4; lastKnownFileType = sourcecode.c.objc; path = "NSObject+SBJSON.m"; sourceTree = "<group>"; };
		ADF0F9DC13A15C63000AC8FC /* NSString+SBJSON.h */ = {isa = PBXFileReference; fileEncoding = 4; lastKnownFileType = sourcecode.c.h; path = "NSString+SBJSON.h"; sourceTree = "<group>"; };
		ADF0F9DD13A15C63000AC8FC /* NSString+SBJSON.m */ = {isa = PBXFileReference; fileEncoding = 4; lastKnownFileType = sourcecode.c.objc; path = "NSString+SBJSON.m"; sourceTree = "<group>"; };
		ADF0F9DE13A15C63000AC8FC /* SBJSON.h */ = {isa = PBXFileReference; fileEncoding = 4; lastKnownFileType = sourcecode.c.h; path = SBJSON.h; sourceTree = "<group>"; };
		ADF0F9DF13A15C63000AC8FC /* SBJSON.m */ = {isa = PBXFileReference; fileEncoding = 4; lastKnownFileType = sourcecode.c.objc; path = SBJSON.m; sourceTree = "<group>"; };
		ADF0F9E013A15C63000AC8FC /* SBJsonBase.h */ = {isa = PBXFileReference; fileEncoding = 4; lastKnownFileType = sourcecode.c.h; path = SBJsonBase.h; sourceTree = "<group>"; };
		ADF0F9E113A15C63000AC8FC /* SBJsonBase.m */ = {isa = PBXFileReference; fileEncoding = 4; lastKnownFileType = sourcecode.c.objc; path = SBJsonBase.m; sourceTree = "<group>"; };
		ADF0F9E213A15C63000AC8FC /* SBJsonParser.h */ = {isa = PBXFileReference; fileEncoding = 4; lastKnownFileType = sourcecode.c.h; path = SBJsonParser.h; sourceTree = "<group>"; };
		ADF0F9E313A15C63000AC8FC /* SBJsonParser.m */ = {isa = PBXFileReference; fileEncoding = 4; lastKnownFileType = sourcecode.c.objc; path = SBJsonParser.m; sourceTree = "<group>"; };
		ADF0F9E413A15C63000AC8FC /* SBJsonWriter.h */ = {isa = PBXFileReference; fileEncoding = 4; lastKnownFileType = sourcecode.c.h; path = SBJsonWriter.h; sourceTree = "<group>"; };
		ADF0F9E513A15C63000AC8FC /* SBJsonWriter.m */ = {isa = PBXFileReference; fileEncoding = 4; lastKnownFileType = sourcecode.c.objc; path = SBJsonWriter.m; sourceTree = "<group>"; };
		ADF1604214DE5630000B5343 /* icon57.png */ = {isa = PBXFileReference; lastKnownFileType = image.png; path = icon57.png; sourceTree = "<group>"; };
		ADF1604414DE5632000B5343 /* icon114.png */ = {isa = PBXFileReference; lastKnownFileType = image.png; path = icon114.png; sourceTree = "<group>"; };
		ADF1604614DE5656000B5343 /* settingsdown.png */ = {isa = PBXFileReference; lastKnownFileType = image.png; path = settingsdown.png; sourceTree = "<group>"; };
		DD09DC9D13A2980B007A0786 /* FBConnect.bundle */ = {isa = PBXFileReference; lastKnownFileType = "wrapper.plug-in"; path = FBConnect.bundle; sourceTree = "<group>"; };
		DD09DC9E13A2980B007A0786 /* FBLoginButton.h */ = {isa = PBXFileReference; fileEncoding = 4; lastKnownFileType = sourcecode.c.h; path = FBLoginButton.h; sourceTree = "<group>"; };
		DD09DC9F13A2980B007A0786 /* FBLoginButton.m */ = {isa = PBXFileReference; fileEncoding = 4; lastKnownFileType = sourcecode.c.objc; path = FBLoginButton.m; sourceTree = "<group>"; };
		DD2C0368158D7A72000C9CD8 /* HistoryViewController2.h */ = {isa = PBXFileReference; fileEncoding = 4; lastKnownFileType = sourcecode.c.h; path = HistoryViewController2.h; sourceTree = "<group>"; };
		DD2C0369158D7A72000C9CD8 /* HistoryViewController2.m */ = {isa = PBXFileReference; fileEncoding = 4; lastKnownFileType = sourcecode.c.objc; path = HistoryViewController2.m; sourceTree = "<group>"; };
		DD2C036A158D7A72000C9CD8 /* HistoryViewController2.xib */ = {isa = PBXFileReference; fileEncoding = 4; lastKnownFileType = file.xib; path = HistoryViewController2.xib; sourceTree = "<group>"; };
		DD2C036D158D8347000C9CD8 /* LoginNormal.png */ = {isa = PBXFileReference; lastKnownFileType = image.png; path = LoginNormal.png; sourceTree = "<group>"; };
		DD2C036E158D8347000C9CD8 /* LoginNormal@2x.png */ = {isa = PBXFileReference; lastKnownFileType = image.png; path = "LoginNormal@2x.png"; sourceTree = "<group>"; };
		DD2C036F158D8347000C9CD8 /* LoginPressed.png */ = {isa = PBXFileReference; lastKnownFileType = image.png; path = LoginPressed.png; sourceTree = "<group>"; };
		DD2C0370158D8347000C9CD8 /* LoginPressed@2x.png */ = {isa = PBXFileReference; lastKnownFileType = image.png; path = "LoginPressed@2x.png"; sourceTree = "<group>"; };
		DD2C0372158D8347000C9CD8 /* LoginWithFacebookNormal@2x.png */ = {isa = PBXFileReference; lastKnownFileType = image.png; path = "LoginWithFacebookNormal@2x.png"; sourceTree = "<group>"; };
		DD2C0373158D8347000C9CD8 /* LoginWithFacebookPressed.png */ = {isa = PBXFileReference; lastKnownFileType = image.png; path = LoginWithFacebookPressed.png; sourceTree = "<group>"; };
		DD2C0374158D8347000C9CD8 /* LoginWithFacebookPressed@2x.png */ = {isa = PBXFileReference; lastKnownFileType = image.png; path = "LoginWithFacebookPressed@2x.png"; sourceTree = "<group>"; };
		DD2C0375158D8347000C9CD8 /* LogoutNormal.png */ = {isa = PBXFileReference; lastKnownFileType = image.png; path = LogoutNormal.png; sourceTree = "<group>"; };
		DD2C0376158D8347000C9CD8 /* LogoutNormal@2x.png */ = {isa = PBXFileReference; lastKnownFileType = image.png; path = "LogoutNormal@2x.png"; sourceTree = "<group>"; };
		DD2C0377158D8347000C9CD8 /* LogoutPressed.png */ = {isa = PBXFileReference; lastKnownFileType = image.png; path = LogoutPressed.png; sourceTree = "<group>"; };
		DD2C0378158D8347000C9CD8 /* LogoutPressed@2x.png */ = {isa = PBXFileReference; lastKnownFileType = image.png; path = "LogoutPressed@2x.png"; sourceTree = "<group>"; };
		DD2C0379158D8347000C9CD8 /* runaround_image.jpg */ = {isa = PBXFileReference; lastKnownFileType = image.jpeg; path = runaround_image.jpg; sourceTree = "<group>"; };
		DD2C0387158D91AB000C9CD8 /* kinder_egg.jpg */ = {isa = PBXFileReference; lastKnownFileType = image.jpeg; path = kinder_egg.jpg; sourceTree = "<group>"; };
		DD560CED139AC8640047A926 /* MapKit.framework */ = {isa = PBXFileReference; lastKnownFileType = wrapper.framework; name = MapKit.framework; path = System/Library/Frameworks/MapKit.framework; sourceTree = SDKROOT; };
		DD88B5441593DE5300D012E4 /* QuoteWebViewController.h */ = {isa = PBXFileReference; fileEncoding = 4; lastKnownFileType = sourcecode.c.h; name = QuoteWebViewController.h; path = ../QuoteWebViewController.h; sourceTree = "<group>"; };
		DD88B5451593DE5300D012E4 /* QuoteWebViewController.m */ = {isa = PBXFileReference; fileEncoding = 4; lastKnownFileType = sourcecode.c.objc; name = QuoteWebViewController.m; path = ../QuoteWebViewController.m; sourceTree = "<group>"; };
		DD88B5461593DE5300D012E4 /* QuoteWebViewController.xib */ = {isa = PBXFileReference; fileEncoding = 4; lastKnownFileType = file.xib; name = QuoteWebViewController.xib; path = ../QuoteWebViewController.xib; sourceTree = "<group>"; };
		DD92C2751583F19700460CF8 /* LoginWithFacebookNormal_1.png */ = {isa = PBXFileReference; lastKnownFileType = image.png; name = LoginWithFacebookNormal_1.png; path = ../src/FBConnect.bundle/images/LoginWithFacebookNormal_1.png; sourceTree = "<group>"; };
		DDBD101713944B7300A40AF4 /* SuccessViewController.h */ = {isa = PBXFileReference; fileEncoding = 4; lastKnownFileType = sourcecode.c.h; path = SuccessViewController.h; sourceTree = "<group>"; };
		DDBD101813944B7300A40AF4 /* SuccessViewController.m */ = {isa = PBXFileReference; fileEncoding = 4; lastKnownFileType = sourcecode.c.objc; path = SuccessViewController.m; sourceTree = "<group>"; };
		DDBD101913944B7300A40AF4 /* SuccessViewController.xib */ = {isa = PBXFileReference; fileEncoding = 4; lastKnownFileType = file.xib; path = SuccessViewController.xib; sourceTree = "<group>"; };
/* End PBXFileReference section */

/* Begin PBXFrameworksBuildPhase section */
		ADAEF37D1361E9A4002F94A1 /* Frameworks */ = {
			isa = PBXFrameworksBuildPhase;
			buildActionMask = 2147483647;
			files = (
				AD9F5A8915F058370024A55F /* MessageUI.framework in Frameworks */,
				ADD667D4158DF863005A58DF /* MediaPlayer.framework in Frameworks */,
				ADD5BC65145100D3009D475C /* AddressBookUI.framework in Frameworks */,
				ADD5BC63145100CD009D475C /* AddressBook.framework in Frameworks */,
				AD5EE76B141297820017937D /* QuartzCore.framework in Frameworks */,
				DD560CEE139AC8640047A926 /* MapKit.framework in Frameworks */,
				AD7CECF9139A92CC003A0A37 /* CoreLocation.framework in Frameworks */,
				ADAEF3851361E9A4002F94A1 /* UIKit.framework in Frameworks */,
				ADAEF3871361E9A4002F94A1 /* Foundation.framework in Frameworks */,
				ADAEF3891361E9A4002F94A1 /* CoreGraphics.framework in Frameworks */,
			);
			runOnlyForDeploymentPostprocessing = 0;
		};
		ADAEF3A01361E9A5002F94A1 /* Frameworks */ = {
			isa = PBXFrameworksBuildPhase;
			buildActionMask = 2147483647;
			files = (
				ADAEF3A51361E9A5002F94A1 /* UIKit.framework in Frameworks */,
				ADAEF3A61361E9A5002F94A1 /* Foundation.framework in Frameworks */,
				ADAEF3A71361E9A5002F94A1 /* CoreGraphics.framework in Frameworks */,
			);
			runOnlyForDeploymentPostprocessing = 0;
		};
/* End PBXFrameworksBuildPhase section */

/* Begin PBXGroup section */
		AD28E47C15E1B84100BC531C /* MPLib */ = {
			isa = PBXGroup;
			children = (
				AD28E47D15E1B84100BC531C /* lib */,
				AD28E48815E1B84100BC531C /* MixpanelAPI.h */,
				AD28E48915E1B84100BC531C /* MixpanelAPI.m */,
				AD28E48A15E1B84100BC531C /* MixpanelAPI_Private.h */,
				AD28E48B15E1B84100BC531C /* MixpanelEvent.h */,
				AD28E48C15E1B84100BC531C /* MixpanelEvent.m */,
			);
			path = MPLib;
			sourceTree = "<group>";
		};
		AD28E47D15E1B84100BC531C /* lib */ = {
			isa = PBXGroup;
			children = (
				AD28E47E15E1B84100BC531C /* JSON */,
				AD28E48515E1B84100BC531C /* NSData_Base64 */,
			);
			path = lib;
			sourceTree = "<group>";
		};
		AD28E47E15E1B84100BC531C /* JSON */ = {
			isa = PBXGroup;
			children = (
				AD28E47F15E1B84100BC531C /* MPCJSONDataSerializer.h */,
				AD28E48015E1B84100BC531C /* MPCJSONDataSerializer.m */,
				AD28E48115E1B84100BC531C /* MPCJSONSerializer.h */,
				AD28E48215E1B84100BC531C /* MPCJSONSerializer.m */,
				AD28E48315E1B84100BC531C /* MPCSerializedJSONData.h */,
				AD28E48415E1B84100BC531C /* MPCSerializedJSONData.m */,
			);
			path = JSON;
			sourceTree = "<group>";
		};
		AD28E48515E1B84100BC531C /* NSData_Base64 */ = {
			isa = PBXGroup;
			children = (
				AD28E48615E1B84100BC531C /* NSData+MPBase64.h */,
				AD28E48715E1B84100BC531C /* NSData+MPBase64.m */,
			);
			path = NSData_Base64;
			sourceTree = "<group>";
		};
		ADAEF3751361E9A4002F94A1 = {
			isa = PBXGroup;
			children = (
				AD7B2D8916422C1100510DCA /* Default@2x.png */,
				ADF1604414DE5632000B5343 /* icon114.png */,
				ADF1604214DE5630000B5343 /* icon57.png */,
				ADDCB99014DDAE7700CE9019 /* Default.png */,
				ADA2650F1396ACAD00F9155C /* Entitlements.plist */,
				ADF0F9C913A15C63000AC8FC /* src */,
				ADAEF38A1361E9A4002F94A1 /* Quotify */,
				ADAEF3C01361EA7E002F94A1 /* View Files */,
				ADAEF3AA1361E9A5002F94A1 /* QuotifyTests */,
				ADAEF3831361E9A4002F94A1 /* Frameworks */,
				ADAEF3811361E9A4002F94A1 /* Products */,
			);
			sourceTree = "<group>";
		};
		ADAEF3811361E9A4002F94A1 /* Products */ = {
			isa = PBXGroup;
			children = (
				ADAEF3801361E9A4002F94A1 /* Quotify.app */,
				ADAEF3A41361E9A5002F94A1 /* QuotifyTests.octest */,
			);
			name = Products;
			sourceTree = "<group>";
		};
		ADAEF3831361E9A4002F94A1 /* Frameworks */ = {
			isa = PBXGroup;
			children = (
				AD9F5A8815F058370024A55F /* MessageUI.framework */,
				ADD667D3158DF863005A58DF /* MediaPlayer.framework */,
				ADD5BC64145100D3009D475C /* AddressBookUI.framework */,
				ADD5BC62145100CD009D475C /* AddressBook.framework */,
				AD5EE76A141297820017937D /* QuartzCore.framework */,
				DD560CED139AC8640047A926 /* MapKit.framework */,
				AD7CECF8139A92CC003A0A37 /* CoreLocation.framework */,
				ADAEF3841361E9A4002F94A1 /* UIKit.framework */,
				ADAEF3861361E9A4002F94A1 /* Foundation.framework */,
				ADAEF3881361E9A4002F94A1 /* CoreGraphics.framework */,
			);
			name = Frameworks;
			sourceTree = "<group>";
		};
		ADAEF38A1361E9A4002F94A1 /* Quotify */ = {
			isa = PBXGroup;
			children = (
				DD88B5441593DE5300D012E4 /* QuoteWebViewController.h */,
				DD88B5451593DE5300D012E4 /* QuoteWebViewController.m */,
				DD2C0368158D7A72000C9CD8 /* HistoryViewController2.h */,
				DD2C0369158D7A72000C9CD8 /* HistoryViewController2.m */,
				ADAEF3931361E9A4002F94A1 /* QuotifyAppDelegate.h */,
				ADAEF3941361E9A4002F94A1 /* QuotifyAppDelegate.m */,
				ADAEF3991361E9A4002F94A1 /* QuotifyViewController.h */,
				ADAEF39A1361E9A4002F94A1 /* QuotifyViewController.m */,
				DDBD101713944B7300A40AF4 /* SuccessViewController.h */,
				DDBD101813944B7300A40AF4 /* SuccessViewController.m */,
				ADAEF3C11361EAB2002F94A1 /* Model */,
				AD28E47C15E1B84100BC531C /* MPLib */,
				ADAEF38B1361E9A4002F94A1 /* Supporting Files */,
			);
			path = Quotify;
			sourceTree = "<group>";
		};
		ADAEF38B1361E9A4002F94A1 /* Supporting Files */ = {
			isa = PBXGroup;
			children = (
				ADE2F031151E719000B2D835 /* Quotify.entitlements */,
				ADAEF38C1361E9A4002F94A1 /* Quotify-Info.plist */,
				ADAEF38D1361E9A4002F94A1 /* InfoPlist.strings */,
				ADAEF3901361E9A4002F94A1 /* Quotify-Prefix.pch */,
				ADAEF3911361E9A4002F94A1 /* main.m */,
			);
			name = "Supporting Files";
			sourceTree = "<group>";
		};
		ADAEF3AA1361E9A5002F94A1 /* QuotifyTests */ = {
			isa = PBXGroup;
			children = (
				ADAEF3B11361E9A5002F94A1 /* QuotifyTests.h */,
				ADAEF3B31361E9A5002F94A1 /* QuotifyTests.m */,
				ADAEF3AB1361E9A5002F94A1 /* Supporting Files */,
			);
			path = QuotifyTests;
			sourceTree = "<group>";
		};
		ADAEF3AB1361E9A5002F94A1 /* Supporting Files */ = {
			isa = PBXGroup;
			children = (
				ADAEF3AC1361E9A5002F94A1 /* QuotifyTests-Info.plist */,
				ADAEF3AD1361E9A5002F94A1 /* InfoPlist.strings */,
				ADAEF3B01361E9A5002F94A1 /* QuotifyTests-Prefix.pch */,
			);
			name = "Supporting Files";
			sourceTree = "<group>";
		};
		ADAEF3C01361EA7E002F94A1 /* View Files */ = {
			isa = PBXGroup;
			children = (
				DD2C0387158D91AB000C9CD8 /* kinder_egg.jpg */,
				DD2C0379158D8347000C9CD8 /* runaround_image.jpg */,
				ADB95527158E12950081EF04 /* Q4.mov */,
				AD544C8C164C178E00329E44 /* addtocontactslabel.png */,
				AD7B2D7416422B8200510DCA /* background@2x.png */,
				ADBA6E5314E0E14A006AF908 /* backgroundconfirmation.png */,
				AD1F5DC214E6EDAD0005D248 /* blankbackground.png */,
				AD7B2D7716422C0F00510DCA /* confirmationbackground@2x.png */,
				AD7B2D7816422C0F00510DCA /* confirmationblankphoto@2x.png */,
				ADBA6E5514E0E158006AF908 /* confirmationbubble.png */,
				AD7B2D7916422C1000510DCA /* confirmationphotobox.png */,
				ADC5A99D14DE594300AEE72E /* confirmationphotobox.png */,
				AD544C8F164C179D00329E44 /* donebutton.png */,
				AD544C90164C179D00329E44 /* donebuttondown.png */,
				ADE4271F14DF2A7E00FE6A5B /* donedown.png */,
				ADE4272014DF2A7E00FE6A5B /* doneup.png */,
				AD7B2D7A16422C1000510DCA /* email@2x.png */,
				AD1F5DBB14E4A0F00005D248 /* emailfield.png */,
				AD544C93164C17B600329E44 /* emaillabel.png */,
				AD2C771E161C03CB00401A5F /* facebook-down.png */,
				AD2C771F161C03CB00401A5F /* facebook.png */,
				AD7B2D7B16422C1000510DCA /* facebookdown@2x.png */,
				AD7B2D7C16422C1000510DCA /* facebooklogin@2x.png */,
				AD2C7720161C03CB00401A5F /* feedback-down.png */,
				AD2C7721161C03CB00401A5F /* feedback.png */,
				AD7B2D7D16422C1000510DCA /* feedback@2x.png */,
				AD7B2D7E16422C1000510DCA /* feedbackdown@2x.png */,
				ADDCB98814DDA37B00CE9019 /* icon.png */,
				AD7B2D7F16422C1000510DCA /* icon@2x.png */,
				AD7B2D8016422C1000510DCA /* login@2x.png */,
				AD7B2D8116422C1000510DCA /* logindown@2x.png */,
				DD2C036D158D8347000C9CD8 /* LoginNormal.png */,
				DD2C036E158D8347000C9CD8 /* LoginNormal@2x.png */,
				DD2C036F158D8347000C9CD8 /* LoginPressed.png */,
				DD2C0370158D8347000C9CD8 /* LoginPressed@2x.png */,
				DD2C0372158D8347000C9CD8 /* LoginWithFacebookNormal@2x.png */,
				DD92C2751583F19700460CF8 /* LoginWithFacebookNormal_1.png */,
				DD2C0373158D8347000C9CD8 /* LoginWithFacebookPressed.png */,
				DD2C0374158D8347000C9CD8 /* LoginWithFacebookPressed@2x.png */,
				AD7B2D8216422C1100510DCA /* logout@2x.png */,
				AD7B2D8316422C1100510DCA /* logoutdown@2x.png */,
				DD2C0375158D8347000C9CD8 /* LogoutNormal.png */,
				DD2C0376158D8347000C9CD8 /* LogoutNormal@2x.png */,
				DD2C0377158D8347000C9CD8 /* LogoutPressed.png */,
				DD2C0378158D8347000C9CD8 /* LogoutPressed@2x.png */,
				AD544C94164C17B600329E44 /* namelabel.png */,
				ADDCB97E14DDA34100CE9019 /* people.png */,
				AD7B2D8416422C1100510DCA /* people@2x.png */,
				ADDCB97F14DDA34100CE9019 /* person.png */,
				AD7B2D8516422C1100510DCA /* person@2x.png */,
				ADBA6E5814E0E17B006AF908 /* photo.png */,
				AD7B2D8616422C1100510DCA /* photo@2x.png */,
				ADBA6E5714E0E17B006AF908 /* photodown.png */,
				AD7B2D8716422C1100510DCA /* photodown@2x.png */,
				AD544C97164C17C000329E44 /* q.png */,
				ADBA6E5B14E0E185006AF908 /* quotebubble.png */,
				AD7B2D8816422C1100510DCA /* quotebubble@2x.png */,
				AD544C9A164C17DE00329E44 /* quotifybuttondown.png */,
				AD544C99164C17DE00329E44 /* quotifybuttonup.png */,
				AD2C7722161C03CB00401A5F /* quotifyTopbar.png */,
				AD544C9D164C17F200329E44 /* settingsbackground.png */,
				ADF1604614DE5656000B5343 /* settingsdown.png */,
				ADBA6E5D14E0E197006AF908 /* settingsup-1.png */,
				ADBA6E4C14DFA7AA006AF908 /* stripesbackground.png */,
				AD7B2D8A16422C1100510DCA /* topbar@2x.png */,
				AD2C7723161C03CB00401A5F /* video-down.png */,
				AD2C7724161C03CB00401A5F /* video.png */,
				AD7B2D8B16422C1100510DCA /* video@2x.png */,
				AD7B2D8C16422C1200510DCA /* videodown@2x.png */,
				DD2C036A158D7A72000C9CD8 /* HistoryViewController2.xib */,
				DD88B5461593DE5300D012E4 /* QuoteWebViewController.xib */,
				DDBD101913944B7300A40AF4 /* SuccessViewController.xib */,
				ADAEF3961361E9A4002F94A1 /* MainWindow.xib */,
				ADAEF39C1361E9A4002F94A1 /* QuotifyViewController.xib */,
			);
			name = "View Files";
			path = Quotify;
			sourceTree = "<group>";
		};
		ADAEF3C11361EAB2002F94A1 /* Model */ = {
			isa = PBXGroup;
			children = (
				ADAEF6211367D38F002F94A1 /* Comm.h */,
				ADAEF6221367D38F002F94A1 /* Comm.m */,
				AD7CECFA139A934A003A0A37 /* CoreLocationController.h */,
				AD7CECFB139A934A003A0A37 /* CoreLocationController.m */,
				ADAEF3D91367BAFC002F94A1 /* Quote.h */,
				ADAEF3DA1367BAFC002F94A1 /* Quote.m */,
				ADE8125614E20A4300DA78EC /* Utility.h */,
				ADE8125714E20A4300DA78EC /* Utility.m */,
			);
			name = Model;
			sourceTree = "<group>";
		};
		ADF0F9C913A15C63000AC8FC /* src */ = {
			isa = PBXGroup;
			children = (
				ADF0F9CD13A15C63000AC8FC /* Facebook.h */,
				ADF0F9CE13A15C63000AC8FC /* Facebook.m */,
				DD09DC9D13A2980B007A0786 /* FBConnect.bundle */,
				DD09DC9E13A2980B007A0786 /* FBLoginButton.h */,
				DD09DC9F13A2980B007A0786 /* FBLoginButton.m */,
				ADF0F9CF13A15C63000AC8FC /* facebook_ios_sdk_Prefix.pch */,
				ADF0F9D013A15C63000AC8FC /* FBConnect.h */,
				ADF0F9D113A15C63000AC8FC /* FBDialog.bundle */,
				ADF0F9D213A15C63000AC8FC /* FBDialog.h */,
				ADF0F9D313A15C63000AC8FC /* FBDialog.m */,
				ADF0F9D413A15C63000AC8FC /* FBLoginDialog.h */,
				ADF0F9D513A15C63000AC8FC /* FBLoginDialog.m */,
				ADF0F9D613A15C63000AC8FC /* FBRequest.h */,
				ADF0F9D713A15C63000AC8FC /* FBRequest.m */,
				ADF0F9D813A15C63000AC8FC /* JSON */,
			);
			path = src;
			sourceTree = SOURCE_ROOT;
		};
		ADF0F9D813A15C63000AC8FC /* JSON */ = {
			isa = PBXGroup;
			children = (
				ADF0F9D913A15C63000AC8FC /* JSON.h */,
				ADF0F9DA13A15C63000AC8FC /* NSObject+SBJSON.h */,
				ADF0F9DB13A15C63000AC8FC /* NSObject+SBJSON.m */,
				ADF0F9DC13A15C63000AC8FC /* NSString+SBJSON.h */,
				ADF0F9DD13A15C63000AC8FC /* NSString+SBJSON.m */,
				ADF0F9DE13A15C63000AC8FC /* SBJSON.h */,
				ADF0F9DF13A15C63000AC8FC /* SBJSON.m */,
				ADF0F9E013A15C63000AC8FC /* SBJsonBase.h */,
				ADF0F9E113A15C63000AC8FC /* SBJsonBase.m */,
				ADF0F9E213A15C63000AC8FC /* SBJsonParser.h */,
				ADF0F9E313A15C63000AC8FC /* SBJsonParser.m */,
				ADF0F9E413A15C63000AC8FC /* SBJsonWriter.h */,
				ADF0F9E513A15C63000AC8FC /* SBJsonWriter.m */,
			);
			path = JSON;
			sourceTree = "<group>";
		};
/* End PBXGroup section */

/* Begin PBXNativeTarget section */
		ADAEF37F1361E9A4002F94A1 /* Quotify */ = {
			isa = PBXNativeTarget;
			buildConfigurationList = ADAEF3B71361E9A5002F94A1 /* Build configuration list for PBXNativeTarget "Quotify" */;
			buildPhases = (
				ADAEF37C1361E9A4002F94A1 /* Sources */,
				ADAEF37D1361E9A4002F94A1 /* Frameworks */,
				ADAEF37E1361E9A4002F94A1 /* Resources */,
			);
			buildRules = (
			);
			dependencies = (
			);
			name = Quotify;
			productName = Quotify;
			productReference = ADAEF3801361E9A4002F94A1 /* Quotify.app */;
			productType = "com.apple.product-type.application";
		};
		ADAEF3A31361E9A5002F94A1 /* QuotifyTests */ = {
			isa = PBXNativeTarget;
			buildConfigurationList = ADAEF3BA1361E9A5002F94A1 /* Build configuration list for PBXNativeTarget "QuotifyTests" */;
			buildPhases = (
				ADAEF39F1361E9A5002F94A1 /* Sources */,
				ADAEF3A01361E9A5002F94A1 /* Frameworks */,
				ADAEF3A11361E9A5002F94A1 /* Resources */,
				ADAEF3A21361E9A5002F94A1 /* ShellScript */,
			);
			buildRules = (
			);
			dependencies = (
				ADAEF3A91361E9A5002F94A1 /* PBXTargetDependency */,
			);
			name = QuotifyTests;
			productName = QuotifyTests;
			productReference = ADAEF3A41361E9A5002F94A1 /* QuotifyTests.octest */;
			productType = "com.apple.product-type.bundle";
		};
/* End PBXNativeTarget section */

/* Begin PBXProject section */
		ADAEF3771361E9A4002F94A1 /* Project object */ = {
			isa = PBXProject;
			attributes = {
				LastUpgradeCheck = 0450;
			};
			buildConfigurationList = ADAEF37A1361E9A4002F94A1 /* Build configuration list for PBXProject "Quotify" */;
			compatibilityVersion = "Xcode 3.2";
			developmentRegion = English;
			hasScannedForEncodings = 0;
			knownRegions = (
				en,
				English,
			);
			mainGroup = ADAEF3751361E9A4002F94A1;
			productRefGroup = ADAEF3811361E9A4002F94A1 /* Products */;
			projectDirPath = "";
			projectRoot = "";
			targets = (
				ADAEF37F1361E9A4002F94A1 /* Quotify */,
				ADAEF3A31361E9A5002F94A1 /* QuotifyTests */,
			);
		};
/* End PBXProject section */

/* Begin PBXResourcesBuildPhase section */
		ADAEF37E1361E9A4002F94A1 /* Resources */ = {
			isa = PBXResourcesBuildPhase;
			buildActionMask = 2147483647;
			files = (
				ADAEF38F1361E9A4002F94A1 /* InfoPlist.strings in Resources */,
				ADAEF3981361E9A4002F94A1 /* MainWindow.xib in Resources */,
				ADAEF39E1361E9A4002F94A1 /* QuotifyViewController.xib in Resources */,
				DDBD101B13944B7400A40AF4 /* SuccessViewController.xib in Resources */,
				ADA265101396ACAD00F9155C /* Entitlements.plist in Resources */,
				ADF0F9EA13A15C63000AC8FC /* FBDialog.bundle in Resources */,
				DD09DCA013A2980C007A0786 /* FBConnect.bundle in Resources */,
				ADDCB98414DDA34100CE9019 /* people.png in Resources */,
				ADDCB98514DDA34100CE9019 /* person.png in Resources */,
				ADDCB98914DDA37B00CE9019 /* icon.png in Resources */,
				ADDCB99614DDAF8C00CE9019 /* Default.png in Resources */,
				ADF1604314DE5630000B5343 /* icon57.png in Resources */,
				ADF1604514DE5632000B5343 /* icon114.png in Resources */,
				ADF1604814DE5656000B5343 /* settingsdown.png in Resources */,
				ADC5A99E14DE594300AEE72E /* confirmationphotobox.png in Resources */,
				ADE4272214DF2A7F00FE6A5B /* donedown.png in Resources */,
				ADE4272314DF2A7F00FE6A5B /* doneup.png in Resources */,
				ADBA6E4F14DFA7AA006AF908 /* stripesbackground.png in Resources */,
				ADBA6E5414E0E14A006AF908 /* backgroundconfirmation.png in Resources */,
				ADBA6E5614E0E158006AF908 /* confirmationbubble.png in Resources */,
				ADBA6E5914E0E17B006AF908 /* photodown.png in Resources */,
				ADBA6E5A14E0E17B006AF908 /* photo.png in Resources */,
				ADBA6E5C14E0E185006AF908 /* quotebubble.png in Resources */,
				ADBA6E5E14E0E197006AF908 /* settingsup-1.png in Resources */,
				AD1F5DBE14E4A0F00005D248 /* emailfield.png in Resources */,
				AD1F5DC314E6EDAE0005D248 /* blankbackground.png in Resources */,
				DD92C2761583F19700460CF8 /* LoginWithFacebookNormal_1.png in Resources */,
				DD2C036C158D7A73000C9CD8 /* HistoryViewController2.xib in Resources */,
				DD2C037A158D8347000C9CD8 /* LoginNormal.png in Resources */,
				DD2C037B158D8347000C9CD8 /* LoginNormal@2x.png in Resources */,
				DD2C037C158D8347000C9CD8 /* LoginPressed.png in Resources */,
				DD2C037D158D8347000C9CD8 /* LoginPressed@2x.png in Resources */,
				DD2C037F158D8347000C9CD8 /* LoginWithFacebookNormal@2x.png in Resources */,
				DD2C0380158D8347000C9CD8 /* LoginWithFacebookPressed.png in Resources */,
				DD2C0381158D8347000C9CD8 /* LoginWithFacebookPressed@2x.png in Resources */,
				DD2C0382158D8347000C9CD8 /* LogoutNormal.png in Resources */,
				DD2C0383158D8347000C9CD8 /* LogoutNormal@2x.png in Resources */,
				DD2C0384158D8347000C9CD8 /* LogoutPressed.png in Resources */,
				DD2C0385158D8347000C9CD8 /* LogoutPressed@2x.png in Resources */,
				DD2C0386158D8347000C9CD8 /* runaround_image.jpg in Resources */,
				DD2C0388158D91AB000C9CD8 /* kinder_egg.jpg in Resources */,
				ADB95528158E12950081EF04 /* Q4.mov in Resources */,
				DD88B5481593DE5300D012E4 /* QuoteWebViewController.xib in Resources */,
				AD2C7725161C03CB00401A5F /* facebook-down.png in Resources */,
				AD2C7726161C03CB00401A5F /* facebook.png in Resources */,
				AD2C7727161C03CB00401A5F /* feedback-down.png in Resources */,
				AD2C7728161C03CB00401A5F /* feedback.png in Resources */,
				AD2C7729161C03CB00401A5F /* quotifyTopbar.png in Resources */,
				AD2C772A161C03CB00401A5F /* video-down.png in Resources */,
				AD2C772B161C03CB00401A5F /* video.png in Resources */,
				AD7B2D7516422B8200510DCA /* background@2x.png in Resources */,
				AD7B2D8D16422C1200510DCA /* confirmationbackground@2x.png in Resources */,
				AD7B2D8E16422C1200510DCA /* confirmationblankphoto@2x.png in Resources */,
				AD7B2D8F16422C1200510DCA /* confirmationphotobox.png in Resources */,
				AD7B2D9016422C1200510DCA /* email@2x.png in Resources */,
				AD7B2D9116422C1200510DCA /* facebookdown@2x.png in Resources */,
				AD7B2D9216422C1200510DCA /* facebooklogin@2x.png in Resources */,
				AD7B2D9316422C1200510DCA /* feedback@2x.png in Resources */,
				AD7B2D9416422C1200510DCA /* feedbackdown@2x.png in Resources */,
				AD7B2D9516422C1200510DCA /* icon@2x.png in Resources */,
				AD7B2D9616422C1200510DCA /* login@2x.png in Resources */,
				AD7B2D9716422C1200510DCA /* logindown@2x.png in Resources */,
				AD7B2D9816422C1200510DCA /* logout@2x.png in Resources */,
				AD7B2D9916422C1200510DCA /* logoutdown@2x.png in Resources */,
				AD7B2D9A16422C1200510DCA /* people@2x.png in Resources */,
				AD7B2D9B16422C1200510DCA /* person@2x.png in Resources */,
				AD7B2D9C16422C1200510DCA /* photo@2x.png in Resources */,
				AD7B2D9D16422C1200510DCA /* photodown@2x.png in Resources */,
				AD7B2D9E16422C1200510DCA /* quotebubble@2x.png in Resources */,
				AD7B2D9F16422C1200510DCA /* Default@2x.png in Resources */,
				AD7B2DA016422C1200510DCA /* topbar@2x.png in Resources */,
				AD7B2DA116422C1200510DCA /* video@2x.png in Resources */,
				AD7B2DA216422C1200510DCA /* videodown@2x.png in Resources */,
				AD544C8D164C178E00329E44 /* addtocontactslabel.png in Resources */,
				AD544C91164C179D00329E44 /* donebutton.png in Resources */,
				AD544C92164C179D00329E44 /* donebuttondown.png in Resources */,
				AD544C95164C17B600329E44 /* emaillabel.png in Resources */,
				AD544C96164C17B600329E44 /* namelabel.png in Resources */,
				AD544C98164C17C000329E44 /* q.png in Resources */,
				AD544C9B164C17DE00329E44 /* quotifybuttonup.png in Resources */,
				AD544C9C164C17DE00329E44 /* quotifybuttondown.png in Resources */,
				AD544C9E164C17F200329E44 /* settingsbackground.png in Resources */,
			);
			runOnlyForDeploymentPostprocessing = 0;
		};
		ADAEF3A11361E9A5002F94A1 /* Resources */ = {
			isa = PBXResourcesBuildPhase;
			buildActionMask = 2147483647;
			files = (
				ADAEF3AF1361E9A5002F94A1 /* InfoPlist.strings in Resources */,
				ADAEF3B21361E9A5002F94A1 /* QuotifyTests.h in Resources */,
			);
			runOnlyForDeploymentPostprocessing = 0;
		};
/* End PBXResourcesBuildPhase section */

/* Begin PBXShellScriptBuildPhase section */
		ADAEF3A21361E9A5002F94A1 /* ShellScript */ = {
			isa = PBXShellScriptBuildPhase;
			buildActionMask = 2147483647;
			files = (
			);
			inputPaths = (
			);
			outputPaths = (
			);
			runOnlyForDeploymentPostprocessing = 0;
			shellPath = /bin/sh;
			shellScript = "# Run the unit tests in this test bundle.\n\"${SYSTEM_DEVELOPER_DIR}/Tools/RunUnitTests\"\n";
		};
/* End PBXShellScriptBuildPhase section */

/* Begin PBXSourcesBuildPhase section */
		ADAEF37C1361E9A4002F94A1 /* Sources */ = {
			isa = PBXSourcesBuildPhase;
			buildActionMask = 2147483647;
			files = (
				ADAEF3921361E9A4002F94A1 /* main.m in Sources */,
				ADAEF3951361E9A4002F94A1 /* QuotifyAppDelegate.m in Sources */,
				ADAEF39B1361E9A4002F94A1 /* QuotifyViewController.m in Sources */,
				ADAEF3DB1367BAFC002F94A1 /* Quote.m in Sources */,
				ADAEF6231367D38F002F94A1 /* Comm.m in Sources */,
				DDBD101A13944B7400A40AF4 /* SuccessViewController.m in Sources */,
				AD7CECFC139A934A003A0A37 /* CoreLocationController.m in Sources */,
				ADF0F9E913A15C63000AC8FC /* Facebook.m in Sources */,
				ADF0F9EB13A15C63000AC8FC /* FBDialog.m in Sources */,
				ADF0F9EC13A15C63000AC8FC /* FBLoginDialog.m in Sources */,
				ADF0F9ED13A15C63000AC8FC /* FBRequest.m in Sources */,
				ADF0F9EE13A15C63000AC8FC /* NSObject+SBJSON.m in Sources */,
				ADF0F9EF13A15C63000AC8FC /* NSString+SBJSON.m in Sources */,
				ADF0F9F013A15C63000AC8FC /* SBJSON.m in Sources */,
				ADF0F9F113A15C63000AC8FC /* SBJsonBase.m in Sources */,
				ADF0F9F213A15C63000AC8FC /* SBJsonParser.m in Sources */,
				ADF0F9F313A15C63000AC8FC /* SBJsonWriter.m in Sources */,
				DD09DCA113A2980C007A0786 /* FBLoginButton.m in Sources */,
				ADE8125814E20A4300DA78EC /* Utility.m in Sources */,
				DD2C036B158D7A73000C9CD8 /* HistoryViewController2.m in Sources */,
				DD88B5471593DE5300D012E4 /* QuoteWebViewController.m in Sources */,
				AD28E48D15E1B84100BC531C /* MPCJSONDataSerializer.m in Sources */,
				AD28E48E15E1B84100BC531C /* MPCJSONSerializer.m in Sources */,
				AD28E48F15E1B84100BC531C /* MPCSerializedJSONData.m in Sources */,
				AD28E49015E1B84100BC531C /* NSData+MPBase64.m in Sources */,
				AD28E49115E1B84100BC531C /* MixpanelAPI.m in Sources */,
				AD28E49215E1B84100BC531C /* MixpanelEvent.m in Sources */,
			);
			runOnlyForDeploymentPostprocessing = 0;
		};
		ADAEF39F1361E9A5002F94A1 /* Sources */ = {
			isa = PBXSourcesBuildPhase;
			buildActionMask = 2147483647;
			files = (
				ADAEF3B41361E9A5002F94A1 /* QuotifyTests.m in Sources */,
			);
			runOnlyForDeploymentPostprocessing = 0;
		};
/* End PBXSourcesBuildPhase section */

/* Begin PBXTargetDependency section */
		ADAEF3A91361E9A5002F94A1 /* PBXTargetDependency */ = {
			isa = PBXTargetDependency;
			target = ADAEF37F1361E9A4002F94A1 /* Quotify */;
			targetProxy = ADAEF3A81361E9A5002F94A1 /* PBXContainerItemProxy */;
		};
/* End PBXTargetDependency section */

/* Begin PBXVariantGroup section */
		ADAEF38D1361E9A4002F94A1 /* InfoPlist.strings */ = {
			isa = PBXVariantGroup;
			children = (
				ADAEF38E1361E9A4002F94A1 /* en */,
			);
			name = InfoPlist.strings;
			sourceTree = "<group>";
		};
		ADAEF3961361E9A4002F94A1 /* MainWindow.xib */ = {
			isa = PBXVariantGroup;
			children = (
				ADAEF3971361E9A4002F94A1 /* en */,
			);
			name = MainWindow.xib;
			sourceTree = "<group>";
		};
		ADAEF39C1361E9A4002F94A1 /* QuotifyViewController.xib */ = {
			isa = PBXVariantGroup;
			children = (
				ADAEF39D1361E9A4002F94A1 /* en */,
			);
			name = QuotifyViewController.xib;
			sourceTree = "<group>";
		};
		ADAEF3AD1361E9A5002F94A1 /* InfoPlist.strings */ = {
			isa = PBXVariantGroup;
			children = (
				ADAEF3AE1361E9A5002F94A1 /* en */,
			);
			name = InfoPlist.strings;
			sourceTree = "<group>";
		};
/* End PBXVariantGroup section */

/* Begin XCBuildConfiguration section */
		ADA2650B1396AAC400F9155C /* Distribution */ = {
			isa = XCBuildConfiguration;
			buildSettings = {
				ARCHS = "$(ARCHS_STANDARD_32_BIT)";
				CODE_SIGN_IDENTITY = "iPhone Distribution: Max Rosenblatt";
				"CODE_SIGN_IDENTITY[sdk=iphoneos*]" = "iPhone Distribution: Max Rosenblatt";
				"CODE_SIGN_RESOURCE_RULES_PATH[sdk=iphoneos5.0]" = "";
				GCC_C_LANGUAGE_STANDARD = gnu99;
				GCC_VERSION = com.apple.compilers.llvmgcc42;
				GCC_WARN_ABOUT_MISSING_PROTOTYPES = YES;
				GCC_WARN_ABOUT_RETURN_TYPE = YES;
				GCC_WARN_UNUSED_VARIABLE = YES;
				IPHONEOS_DEPLOYMENT_TARGET = 5.0;
				OTHER_CFLAGS = "-DNS_BLOCK_ASSERTIONS=1";
				PROVISIONING_PROFILE = "C8033766-E45A-4304-9907-BF5D8BE714E7";
				"PROVISIONING_PROFILE[sdk=iphoneos*]" = "C8033766-E45A-4304-9907-BF5D8BE714E7";
				SDKROOT = iphoneos;
			};
			name = Distribution;
		};
		ADA2650C1396AAC400F9155C /* Distribution */ = {
			isa = XCBuildConfiguration;
			buildSettings = {
				ALWAYS_SEARCH_USER_PATHS = NO;
				CLANG_ENABLE_OBJC_ARC = YES;
				"CODE_SIGN_ENTITLEMENTS[sdk=iphoneos*]" = Entitlements.plist;
				CODE_SIGN_IDENTITY = "iPhone Distribution";
				COPY_PHASE_STRIP = YES;
				GCC_OPTIMIZATION_LEVEL = s;
				GCC_PRECOMPILE_PREFIX_HEADER = YES;
				GCC_PREFIX_HEADER = "Quotify/Quotify-Prefix.pch";
				GCC_VERSION = com.apple.compilers.llvm.clang.1_0;
				INFOPLIST_FILE = "Quotify/Quotify-Info.plist";
				IPHONEOS_DEPLOYMENT_TARGET = 5.0;
				OTHER_LDFLAGS = (
					"-ObjC",
					"-all_load",
				);
				PRODUCT_NAME = "$(TARGET_NAME)";
				PROVISIONING_PROFILE = "";
				TARGETED_DEVICE_FAMILY = 1;
				VALIDATE_PRODUCT = YES;
				WRAPPER_EXTENSION = app;
			};
			name = Distribution;
		};
		ADA2650D1396AAC400F9155C /* Distribution */ = {
			isa = XCBuildConfiguration;
			buildSettings = {
				ALWAYS_SEARCH_USER_PATHS = NO;
				BUNDLE_LOADER = "$(BUILT_PRODUCTS_DIR)/Quotify.app/Quotify";
				CLANG_ENABLE_OBJC_ARC = YES;
				FRAMEWORK_SEARCH_PATHS = (
					"$(SDKROOT)/Developer/Library/Frameworks",
					"$(DEVELOPER_LIBRARY_DIR)/Frameworks",
				);
				GCC_PRECOMPILE_PREFIX_HEADER = YES;
				GCC_PREFIX_HEADER = "QuotifyTests/QuotifyTests-Prefix.pch";
				GCC_VERSION = com.apple.compilers.llvm.clang.1_0;
				INFOPLIST_FILE = "QuotifyTests/QuotifyTests-Info.plist";
				OTHER_LDFLAGS = (
					"-framework",
					SenTestingKit,
				);
				PRODUCT_NAME = "$(TARGET_NAME)";
				TEST_HOST = "$(BUNDLE_LOADER)";
				WRAPPER_EXTENSION = octest;
			};
			name = Distribution;
		};
		ADAEF3B51361E9A5002F94A1 /* Debug */ = {
			isa = XCBuildConfiguration;
			buildSettings = {
				ARCHS = "$(ARCHS_STANDARD_32_BIT)";
				CODE_SIGN_IDENTITY = "iPhone Developer";
				"CODE_SIGN_IDENTITY[sdk=iphoneos*]" = "iPhone Developer";
				GCC_C_LANGUAGE_STANDARD = gnu99;
				GCC_OPTIMIZATION_LEVEL = s;
				GCC_PREPROCESSOR_DEFINITIONS = DEBUG;
				GCC_SYMBOLS_PRIVATE_EXTERN = NO;
				GCC_VERSION = com.apple.compilers.llvmgcc42;
				GCC_WARN_ABOUT_MISSING_PROTOTYPES = YES;
				GCC_WARN_ABOUT_RETURN_TYPE = YES;
				GCC_WARN_UNUSED_VARIABLE = YES;
				IPHONEOS_DEPLOYMENT_TARGET = 5.0;
				PROVISIONING_PROFILE = "";
				"PROVISIONING_PROFILE[sdk=iphoneos*]" = "";
				SDKROOT = iphoneos;
			};
			name = Debug;
		};
		ADAEF3B61361E9A5002F94A1 /* Release */ = {
			isa = XCBuildConfiguration;
			buildSettings = {
				ARCHS = "$(ARCHS_STANDARD_32_BIT)";
				CODE_SIGN_IDENTITY = "iPhone Distribution: Max Rosenblatt";
				"CODE_SIGN_IDENTITY[sdk=iphoneos*]" = "iPhone Distribution: Max Rosenblatt";
				GCC_C_LANGUAGE_STANDARD = gnu99;
				GCC_VERSION = com.apple.compilers.llvmgcc42;
				GCC_WARN_ABOUT_MISSING_PROTOTYPES = YES;
				GCC_WARN_ABOUT_RETURN_TYPE = YES;
				GCC_WARN_UNUSED_VARIABLE = YES;
				IPHONEOS_DEPLOYMENT_TARGET = 5.0;
				OTHER_CFLAGS = "-DNS_BLOCK_ASSERTIONS=1";
				PROVISIONING_PROFILE = "61FFD57C-B090-4EF4-A53D-DC23FBCDFFE5";
				"PROVISIONING_PROFILE[sdk=iphoneos*]" = "61FFD57C-B090-4EF4-A53D-DC23FBCDFFE5";
				SDKROOT = iphoneos;
			};
			name = Release;
		};
		ADAEF3B81361E9A5002F94A1 /* Debug */ = {
			isa = XCBuildConfiguration;
			buildSettings = {
				ALWAYS_SEARCH_USER_PATHS = NO;
				CLANG_ENABLE_OBJC_ARC = YES;
				CODE_SIGN_IDENTITY = "iPhone Developer";
				"CODE_SIGN_IDENTITY[sdk=iphoneos*]" = "iPhone Developer";
				COPY_PHASE_STRIP = NO;
				GCC_DYNAMIC_NO_PIC = NO;
				GCC_OPTIMIZATION_LEVEL = s;
				GCC_PRECOMPILE_PREFIX_HEADER = YES;
				GCC_PREFIX_HEADER = "Quotify/Quotify-Prefix.pch";
				GCC_VERSION = com.apple.compilers.llvm.clang.1_0;
				INFOPLIST_FILE = "Quotify/Quotify-Info.plist";
				IPHONEOS_DEPLOYMENT_TARGET = 5.0;
				OTHER_LDFLAGS = (
					"-ObjC",
					"-all_load",
				);
				PRODUCT_NAME = "$(TARGET_NAME)";
				PROVISIONING_PROFILE = "";
				"PROVISIONING_PROFILE[sdk=iphoneos*]" = "";
				TARGETED_DEVICE_FAMILY = 1;
				WRAPPER_EXTENSION = app;
			};
			name = Debug;
		};
		ADAEF3B91361E9A5002F94A1 /* Release */ = {
			isa = XCBuildConfiguration;
			buildSettings = {
				ALWAYS_SEARCH_USER_PATHS = NO;
				CLANG_ENABLE_OBJC_ARC = YES;
				CODE_SIGN_IDENTITY = "iPhone Distribution: Max Rosenblatt";
				"CODE_SIGN_IDENTITY[sdk=iphoneos*]" = "iPhone Distribution: Max Rosenblatt";
				COPY_PHASE_STRIP = YES;
				GCC_PRECOMPILE_PREFIX_HEADER = YES;
				GCC_PREFIX_HEADER = "Quotify/Quotify-Prefix.pch";
				GCC_VERSION = com.apple.compilers.llvm.clang.1_0;
				INFOPLIST_FILE = "Quotify/Quotify-Info.plist";
				IPHONEOS_DEPLOYMENT_TARGET = 5.0;
				OTHER_LDFLAGS = (
					"-ObjC",
					"-all_load",
				);
				PRODUCT_NAME = "$(TARGET_NAME)";
				PROVISIONING_PROFILE = "61FFD57C-B090-4EF4-A53D-DC23FBCDFFE5";
				"PROVISIONING_PROFILE[sdk=iphoneos*]" = "61FFD57C-B090-4EF4-A53D-DC23FBCDFFE5";
				TARGETED_DEVICE_FAMILY = 1;
				VALIDATE_PRODUCT = YES;
				WRAPPER_EXTENSION = app;
			};
			name = Release;
		};
		ADAEF3BB1361E9A5002F94A1 /* Debug */ = {
			isa = XCBuildConfiguration;
			buildSettings = {
				ALWAYS_SEARCH_USER_PATHS = NO;
				BUNDLE_LOADER = "$(BUILT_PRODUCTS_DIR)/Quotify.app/Quotify";
				CLANG_ENABLE_OBJC_ARC = YES;
				FRAMEWORK_SEARCH_PATHS = (
					"$(SDKROOT)/Developer/Library/Frameworks",
					"$(DEVELOPER_LIBRARY_DIR)/Frameworks",
				);
				GCC_PRECOMPILE_PREFIX_HEADER = YES;
				GCC_PREFIX_HEADER = "QuotifyTests/QuotifyTests-Prefix.pch";
				GCC_VERSION = com.apple.compilers.llvm.clang.1_0;
				INFOPLIST_FILE = "QuotifyTests/QuotifyTests-Info.plist";
				OTHER_LDFLAGS = (
					"-framework",
					SenTestingKit,
				);
				PRODUCT_NAME = "$(TARGET_NAME)";
				TEST_HOST = "$(BUNDLE_LOADER)";
				WRAPPER_EXTENSION = octest;
			};
			name = Debug;
		};
		ADAEF3BC1361E9A5002F94A1 /* Release */ = {
			isa = XCBuildConfiguration;
			buildSettings = {
				ALWAYS_SEARCH_USER_PATHS = NO;
				BUNDLE_LOADER = "$(BUILT_PRODUCTS_DIR)/Quotify.app/Quotify";
				CLANG_ENABLE_OBJC_ARC = YES;
				FRAMEWORK_SEARCH_PATHS = (
					"$(SDKROOT)/Developer/Library/Frameworks",
					"$(DEVELOPER_LIBRARY_DIR)/Frameworks",
				);
				GCC_PRECOMPILE_PREFIX_HEADER = YES;
				GCC_PREFIX_HEADER = "QuotifyTests/QuotifyTests-Prefix.pch";
				GCC_VERSION = com.apple.compilers.llvm.clang.1_0;
				INFOPLIST_FILE = "QuotifyTests/QuotifyTests-Info.plist";
				OTHER_LDFLAGS = (
					"-framework",
					SenTestingKit,
				);
				PRODUCT_NAME = "$(TARGET_NAME)";
				TEST_HOST = "$(BUNDLE_LOADER)";
				WRAPPER_EXTENSION = octest;
			};
			name = Release;
		};
		DD92C2781583FB0C00460CF8 /* Ad Hoc */ = {
			isa = XCBuildConfiguration;
			buildSettings = {
				ARCHS = "$(ARCHS_STANDARD_32_BIT)";
				CODE_SIGN_IDENTITY = "iPhone Distribution: Max Rosenblatt";
				"CODE_SIGN_IDENTITY[sdk=iphoneos*]" = "iPhone Distribution: Max Rosenblatt";
				GCC_C_LANGUAGE_STANDARD = gnu99;
				GCC_VERSION = com.apple.compilers.llvmgcc42;
				GCC_WARN_ABOUT_MISSING_PROTOTYPES = YES;
				GCC_WARN_ABOUT_RETURN_TYPE = YES;
				GCC_WARN_UNUSED_VARIABLE = YES;
				IPHONEOS_DEPLOYMENT_TARGET = 5.0;
				OTHER_CFLAGS = "-DNS_BLOCK_ASSERTIONS=1";
				PROVISIONING_PROFILE = "C8033766-E45A-4304-9907-BF5D8BE714E7";
				"PROVISIONING_PROFILE[sdk=iphoneos*]" = "C8033766-E45A-4304-9907-BF5D8BE714E7";
				SDKROOT = iphoneos;
			};
			name = "Ad Hoc";
		};
		DD92C2791583FB0C00460CF8 /* Ad Hoc */ = {
			isa = XCBuildConfiguration;
			buildSettings = {
				ALWAYS_SEARCH_USER_PATHS = NO;
				CLANG_ENABLE_OBJC_ARC = YES;
				CODE_SIGN_IDENTITY = "iPhone Distribution";
				"CODE_SIGN_IDENTITY[sdk=iphoneos*]" = "iPhone Distribution";
				COPY_PHASE_STRIP = YES;
				GCC_PRECOMPILE_PREFIX_HEADER = YES;
				GCC_PREFIX_HEADER = "Quotify/Quotify-Prefix.pch";
				GCC_VERSION = com.apple.compilers.llvm.clang.1_0;
				INFOPLIST_FILE = "Quotify/Quotify-Info.plist";
				IPHONEOS_DEPLOYMENT_TARGET = 5.0;
				OTHER_LDFLAGS = (
					"-ObjC",
					"-all_load",
				);
				PRODUCT_NAME = "$(TARGET_NAME)";
				PROVISIONING_PROFILE = "";
				"PROVISIONING_PROFILE[sdk=iphoneos*]" = "";
				TARGETED_DEVICE_FAMILY = 1;
				VALIDATE_PRODUCT = YES;
				WRAPPER_EXTENSION = app;
			};
			name = "Ad Hoc";
		};
		DD92C27A1583FB0C00460CF8 /* Ad Hoc */ = {
			isa = XCBuildConfiguration;
			buildSettings = {
				ALWAYS_SEARCH_USER_PATHS = NO;
				BUNDLE_LOADER = "$(BUILT_PRODUCTS_DIR)/Quotify.app/Quotify";
				CLANG_ENABLE_OBJC_ARC = YES;
				FRAMEWORK_SEARCH_PATHS = (
					"$(SDKROOT)/Developer/Library/Frameworks",
					"$(DEVELOPER_LIBRARY_DIR)/Frameworks",
				);
				GCC_PRECOMPILE_PREFIX_HEADER = YES;
				GCC_PREFIX_HEADER = "QuotifyTests/QuotifyTests-Prefix.pch";
				GCC_VERSION = com.apple.compilers.llvm.clang.1_0;
				INFOPLIST_FILE = "QuotifyTests/QuotifyTests-Info.plist";
				OTHER_LDFLAGS = (
					"-framework",
					SenTestingKit,
				);
				PRODUCT_NAME = "$(TARGET_NAME)";
				TEST_HOST = "$(BUNDLE_LOADER)";
				WRAPPER_EXTENSION = octest;
			};
			name = "Ad Hoc";
		};
/* End XCBuildConfiguration section */

/* Begin XCConfigurationList section */
		ADAEF37A1361E9A4002F94A1 /* Build configuration list for PBXProject "Quotify" */ = {
			isa = XCConfigurationList;
			buildConfigurations = (
				ADAEF3B51361E9A5002F94A1 /* Debug */,
				ADAEF3B61361E9A5002F94A1 /* Release */,
				DD92C2781583FB0C00460CF8 /* Ad Hoc */,
				ADA2650B1396AAC400F9155C /* Distribution */,
			);
			defaultConfigurationIsVisible = 0;
			defaultConfigurationName = Debug;
		};
		ADAEF3B71361E9A5002F94A1 /* Build configuration list for PBXNativeTarget "Quotify" */ = {
			isa = XCConfigurationList;
			buildConfigurations = (
				ADAEF3B81361E9A5002F94A1 /* Debug */,
				ADAEF3B91361E9A5002F94A1 /* Release */,
				DD92C2791583FB0C00460CF8 /* Ad Hoc */,
				ADA2650C1396AAC400F9155C /* Distribution */,
			);
			defaultConfigurationIsVisible = 0;
			defaultConfigurationName = Debug;
		};
		ADAEF3BA1361E9A5002F94A1 /* Build configuration list for PBXNativeTarget "QuotifyTests" */ = {
			isa = XCConfigurationList;
			buildConfigurations = (
				ADAEF3BB1361E9A5002F94A1 /* Debug */,
				ADAEF3BC1361E9A5002F94A1 /* Release */,
				DD92C27A1583FB0C00460CF8 /* Ad Hoc */,
				ADA2650D1396AAC400F9155C /* Distribution */,
			);
			defaultConfigurationIsVisible = 0;
			defaultConfigurationName = Debug;
		};
/* End XCConfigurationList section */
	};
	rootObject = ADAEF3771361E9A4002F94A1 /* Project object */;
}
