// !$*UTF8*$!
{
	archiveVersion = 1;
	classes = {
	};
	objectVersion = 46;
	objects = {

/* Begin PBXBuildFile section */
		AD5EE76B141297820017937D /* QuartzCore.framework in Frameworks */ = {isa = PBXBuildFile; fileRef = AD5EE76A141297820017937D /* QuartzCore.framework */; };
		AD7CECF9139A92CC003A0A37 /* CoreLocation.framework in Frameworks */ = {isa = PBXBuildFile; fileRef = AD7CECF8139A92CC003A0A37 /* CoreLocation.framework */; };
		AD7CECFC139A934A003A0A37 /* CoreLocationController.m in Sources */ = {isa = PBXBuildFile; fileRef = AD7CECFB139A934A003A0A37 /* CoreLocationController.m */; };
		ADA265101396ACAD00F9155C /* Entitlements.plist in Resources */ = {isa = PBXBuildFile; fileRef = ADA2650F1396ACAD00F9155C /* Entitlements.plist */; };
		ADAEF3851361E9A4002F94A1 /* UIKit.framework in Frameworks */ = {isa = PBXBuildFile; fileRef = ADAEF3841361E9A4002F94A1 /* UIKit.framework */; };
		ADAEF3871361E9A4002F94A1 /* Foundation.framework in Frameworks */ = {isa = PBXBuildFile; fileRef = ADAEF3861361E9A4002F94A1 /* Foundation.framework */; };
		ADAEF3891361E9A4002F94A1 /* CoreGraphics.framework in Frameworks */ = {isa = PBXBuildFile; fileRef = ADAEF3881361E9A4002F94A1 /* CoreGraphics.framework */; };
		ADAEF38F1361E9A4002F94A1 /* InfoPlist.strings in Resources */ = {isa = PBXBuildFile; fileRef = ADAEF38D1361E9A4002F94A1 /* InfoPlist.strings */; };
		ADAEF3921361E9A4002F94A1 /* main.m in Sources */ = {isa = PBXBuildFile; fileRef = ADAEF3911361E9A4002F94A1 /* main.m */; };
		ADAEF3951361E9A4002F94A1 /* QuotifyAppDelegate.m in Sources */ = {isa = PBXBuildFile; fileRef = ADAEF3941361E9A4002F94A1 /* QuotifyAppDelegate.m */; };
		ADAEF3981361E9A4002F94A1 /* MainWindow.xib in Resources */ = {isa = PBXBuildFile; fileRef = ADAEF3961361E9A4002F94A1 /* MainWindow.xib */; };
		ADAEF39B1361E9A4002F94A1 /* QuotifyViewController.m in Sources */ = {isa = PBXBuildFile; fileRef = ADAEF39A1361E9A4002F94A1 /* QuotifyViewController.m */; };
		ADAEF39E1361E9A4002F94A1 /* QuotifyViewController.xib in Resources */ = {isa = PBXBuildFile; fileRef = ADAEF39C1361E9A4002F94A1 /* QuotifyViewController.xib */; };
		ADAEF3A51361E9A5002F94A1 /* UIKit.framework in Frameworks */ = {isa = PBXBuildFile; fileRef = ADAEF3841361E9A4002F94A1 /* UIKit.framework */; };
		ADAEF3A61361E9A5002F94A1 /* Foundation.framework in Frameworks */ = {isa = PBXBuildFile; fileRef = ADAEF3861361E9A4002F94A1 /* Foundation.framework */; };
		ADAEF3A71361E9A5002F94A1 /* CoreGraphics.framework in Frameworks */ = {isa = PBXBuildFile; fileRef = ADAEF3881361E9A4002F94A1 /* CoreGraphics.framework */; };
		ADAEF3AF1361E9A5002F94A1 /* InfoPlist.strings in Resources */ = {isa = PBXBuildFile; fileRef = ADAEF3AD1361E9A5002F94A1 /* InfoPlist.strings */; };
		ADAEF3B21361E9A5002F94A1 /* QuotifyTests.h in Resources */ = {isa = PBXBuildFile; fileRef = ADAEF3B11361E9A5002F94A1 /* QuotifyTests.h */; };
		ADAEF3B41361E9A5002F94A1 /* QuotifyTests.m in Sources */ = {isa = PBXBuildFile; fileRef = ADAEF3B31361E9A5002F94A1 /* QuotifyTests.m */; };
		ADAEF3DB1367BAFC002F94A1 /* Quote.m in Sources */ = {isa = PBXBuildFile; fileRef = ADAEF3DA1367BAFC002F94A1 /* Quote.m */; };
		ADAEF6231367D38F002F94A1 /* Comm.m in Sources */ = {isa = PBXBuildFile; fileRef = ADAEF6221367D38F002F94A1 /* Comm.m */; };
		ADBA6E4E14DFA7AA006AF908 /* newbackground.png in Resources */ = {isa = PBXBuildFile; fileRef = ADBA6E4B14DFA7AA006AF908 /* newbackground.png */; };
		ADBA6E4F14DFA7AA006AF908 /* stripesbackground.png in Resources */ = {isa = PBXBuildFile; fileRef = ADBA6E4C14DFA7AA006AF908 /* stripesbackground.png */; };
		ADBA6E5014DFA7AA006AF908 /* settingsup.png in Resources */ = {isa = PBXBuildFile; fileRef = ADBA6E4D14DFA7AA006AF908 /* settingsup.png */; };
		ADC5A99C14DE592200AEE72E /* confirmationbubble.png in Resources */ = {isa = PBXBuildFile; fileRef = ADC5A99B14DE592200AEE72E /* confirmationbubble.png */; };
		ADC5A99E14DE594300AEE72E /* confirmationphotobox.png in Resources */ = {isa = PBXBuildFile; fileRef = ADC5A99D14DE594300AEE72E /* confirmationphotobox.png */; };
		ADC5A9A014DE596D00AEE72E /* quotebubbleflipped.png in Resources */ = {isa = PBXBuildFile; fileRef = ADC5A99F14DE596D00AEE72E /* quotebubbleflipped.png */; };
		ADC5A9A214DE597600AEE72E /* quotifybuttondown.png in Resources */ = {isa = PBXBuildFile; fileRef = ADC5A9A114DE597600AEE72E /* quotifybuttondown.png */; };
		ADC5A9A414DE597D00AEE72E /* quotifybuttonup.png in Resources */ = {isa = PBXBuildFile; fileRef = ADC5A9A314DE597D00AEE72E /* quotifybuttonup.png */; };
		ADD5BC63145100CD009D475C /* AddressBook.framework in Frameworks */ = {isa = PBXBuildFile; fileRef = ADD5BC62145100CD009D475C /* AddressBook.framework */; };
		ADD5BC65145100D3009D475C /* AddressBookUI.framework in Frameworks */ = {isa = PBXBuildFile; fileRef = ADD5BC64145100D3009D475C /* AddressBookUI.framework */; };
		ADDCB97A14DDA32300CE9019 /* blankbackground2.png in Resources */ = {isa = PBXBuildFile; fileRef = ADDCB97914DDA32300CE9019 /* blankbackground2.png */; };
		ADDCB98414DDA34100CE9019 /* people.png in Resources */ = {isa = PBXBuildFile; fileRef = ADDCB97E14DDA34100CE9019 /* people.png */; };
		ADDCB98514DDA34100CE9019 /* person.png in Resources */ = {isa = PBXBuildFile; fileRef = ADDCB97F14DDA34100CE9019 /* person.png */; };
		ADDCB98614DDA34100CE9019 /* photo.png in Resources */ = {isa = PBXBuildFile; fileRef = ADDCB98014DDA34100CE9019 /* photo.png */; };
		ADDCB98714DDA34100CE9019 /* quotebubble.png in Resources */ = {isa = PBXBuildFile; fileRef = ADDCB98114DDA34100CE9019 /* quotebubble.png */; };
		ADDCB98914DDA37B00CE9019 /* icon.png in Resources */ = {isa = PBXBuildFile; fileRef = ADDCB98814DDA37B00CE9019 /* icon.png */; };
		ADDCB99614DDAF8C00CE9019 /* Default.png in Resources */ = {isa = PBXBuildFile; fileRef = ADDCB99014DDAE7700CE9019 /* Default.png */; };
		ADDCB99714DDAF9600CE9019 /* Default@2x.png in Resources */ = {isa = PBXBuildFile; fileRef = ADDCB99414DDAE9100CE9019 /* Default@2x.png */; };
		ADE4271914DEF37500FE6A5B /* quote1.png in Resources */ = {isa = PBXBuildFile; fileRef = ADE4271814DEF37500FE6A5B /* quote1.png */; };
		ADE4271C14DEF37C00FE6A5B /* quote2.png in Resources */ = {isa = PBXBuildFile; fileRef = ADE4271B14DEF37C00FE6A5B /* quote2.png */; };
		ADE4271E14DF012600FE6A5B /* settingsbackground1.png in Resources */ = {isa = PBXBuildFile; fileRef = ADE4271D14DF012600FE6A5B /* settingsbackground1.png */; };
		ADE4272214DF2A7F00FE6A5B /* donedown.png in Resources */ = {isa = PBXBuildFile; fileRef = ADE4271F14DF2A7E00FE6A5B /* donedown.png */; };
		ADE4272314DF2A7F00FE6A5B /* doneup.png in Resources */ = {isa = PBXBuildFile; fileRef = ADE4272014DF2A7E00FE6A5B /* doneup.png */; };
		ADE4272414DF2A7F00FE6A5B /* quotebubble_flippedSpout.png in Resources */ = {isa = PBXBuildFile; fileRef = ADE4272114DF2A7E00FE6A5B /* quotebubble_flippedSpout.png */; };
		ADF0F9E913A15C63000AC8FC /* Facebook.m in Sources */ = {isa = PBXBuildFile; fileRef = ADF0F9CE13A15C63000AC8FC /* Facebook.m */; settings = {COMPILER_FLAGS = "-fno-objc-arc"; }; };
		ADF0F9EA13A15C63000AC8FC /* FBDialog.bundle in Resources */ = {isa = PBXBuildFile; fileRef = ADF0F9D113A15C63000AC8FC /* FBDialog.bundle */; };
		ADF0F9EB13A15C63000AC8FC /* FBDialog.m in Sources */ = {isa = PBXBuildFile; fileRef = ADF0F9D313A15C63000AC8FC /* FBDialog.m */; settings = {COMPILER_FLAGS = "-fno-objc-arc"; }; };
		ADF0F9EC13A15C63000AC8FC /* FBLoginDialog.m in Sources */ = {isa = PBXBuildFile; fileRef = ADF0F9D513A15C63000AC8FC /* FBLoginDialog.m */; settings = {COMPILER_FLAGS = "-fno-objc-arc"; }; };
		ADF0F9ED13A15C63000AC8FC /* FBRequest.m in Sources */ = {isa = PBXBuildFile; fileRef = ADF0F9D713A15C63000AC8FC /* FBRequest.m */; settings = {COMPILER_FLAGS = "-fno-objc-arc"; }; };
		ADF0F9EE13A15C63000AC8FC /* NSObject+SBJSON.m in Sources */ = {isa = PBXBuildFile; fileRef = ADF0F9DB13A15C63000AC8FC /* NSObject+SBJSON.m */; settings = {COMPILER_FLAGS = "-fno-objc-arc"; }; };
		ADF0F9EF13A15C63000AC8FC /* NSString+SBJSON.m in Sources */ = {isa = PBXBuildFile; fileRef = ADF0F9DD13A15C63000AC8FC /* NSString+SBJSON.m */; settings = {COMPILER_FLAGS = "-fno-objc-arc"; }; };
		ADF0F9F013A15C63000AC8FC /* SBJSON.m in Sources */ = {isa = PBXBuildFile; fileRef = ADF0F9DF13A15C63000AC8FC /* SBJSON.m */; settings = {COMPILER_FLAGS = "-fno-objc-arc"; }; };
		ADF0F9F113A15C63000AC8FC /* SBJsonBase.m in Sources */ = {isa = PBXBuildFile; fileRef = ADF0F9E113A15C63000AC8FC /* SBJsonBase.m */; settings = {COMPILER_FLAGS = "-fno-objc-arc"; }; };
		ADF0F9F213A15C63000AC8FC /* SBJsonParser.m in Sources */ = {isa = PBXBuildFile; fileRef = ADF0F9E313A15C63000AC8FC /* SBJsonParser.m */; settings = {COMPILER_FLAGS = "-fno-objc-arc"; }; };
		ADF0F9F313A15C63000AC8FC /* SBJsonWriter.m in Sources */ = {isa = PBXBuildFile; fileRef = ADF0F9E513A15C63000AC8FC /* SBJsonWriter.m */; settings = {COMPILER_FLAGS = "-fno-objc-arc"; }; };
		ADF1604014DE55AF000B5343 /* addphotodown.png in Resources */ = {isa = PBXBuildFile; fileRef = ADF1603E14DE55AF000B5343 /* addphotodown.png */; };
		ADF1604114DE55AF000B5343 /* addphotoup.png in Resources */ = {isa = PBXBuildFile; fileRef = ADF1603F14DE55AF000B5343 /* addphotoup.png */; };
		ADF1604314DE5630000B5343 /* icon57.png in Resources */ = {isa = PBXBuildFile; fileRef = ADF1604214DE5630000B5343 /* icon57.png */; };
		ADF1604514DE5632000B5343 /* icon114.png in Resources */ = {isa = PBXBuildFile; fileRef = ADF1604414DE5632000B5343 /* icon114.png */; };
		ADF1604814DE5656000B5343 /* settingsdown.png in Resources */ = {isa = PBXBuildFile; fileRef = ADF1604614DE5656000B5343 /* settingsdown.png */; };
		DD09DCA013A2980C007A0786 /* FBConnect.bundle in Resources */ = {isa = PBXBuildFile; fileRef = DD09DC9D13A2980B007A0786 /* FBConnect.bundle */; };
		DD09DCA113A2980C007A0786 /* FBLoginButton.m in Sources */ = {isa = PBXBuildFile; fileRef = DD09DC9F13A2980B007A0786 /* FBLoginButton.m */; settings = {COMPILER_FLAGS = "-fno-objc-arc"; }; };
		DD560CEE139AC8640047A926 /* MapKit.framework in Frameworks */ = {isa = PBXBuildFile; fileRef = DD560CED139AC8640047A926 /* MapKit.framework */; };
		DDBD101A13944B7400A40AF4 /* SuccessViewController.m in Sources */ = {isa = PBXBuildFile; fileRef = DDBD101813944B7300A40AF4 /* SuccessViewController.m */; };
		DDBD101B13944B7400A40AF4 /* SuccessViewController.xib in Resources */ = {isa = PBXBuildFile; fileRef = DDBD101913944B7300A40AF4 /* SuccessViewController.xib */; };
		DDBD101F1394697700A40AF4 /* endQuoteMark.png in Resources */ = {isa = PBXBuildFile; fileRef = DDBD101D1394697700A40AF4 /* endQuoteMark.png */; };
		DDBD10201394697700A40AF4 /* beginQuoteMark.png in Resources */ = {isa = PBXBuildFile; fileRef = DDBD101E1394697700A40AF4 /* beginQuoteMark.png */; };
/* End PBXBuildFile section */

/* Begin PBXContainerItemProxy section */
		ADAEF3A81361E9A5002F94A1 /* PBXContainerItemProxy */ = {
			isa = PBXContainerItemProxy;
			containerPortal = ADAEF3771361E9A4002F94A1 /* Project object */;
			proxyType = 1;
			remoteGlobalIDString = ADAEF37F1361E9A4002F94A1;
			remoteInfo = Quotify;
		};
/* End PBXContainerItemProxy section */

/* Begin PBXFileReference section */
		AD5EE76A141297820017937D /* QuartzCore.framework */ = {isa = PBXFileReference; lastKnownFileType = wrapper.framework; name = QuartzCore.framework; path = System/Library/Frameworks/QuartzCore.framework; sourceTree = SDKROOT; };
		AD7CECF8139A92CC003A0A37 /* CoreLocation.framework */ = {isa = PBXFileReference; lastKnownFileType = wrapper.framework; name = CoreLocation.framework; path = System/Library/Frameworks/CoreLocation.framework; sourceTree = SDKROOT; };
		AD7CECFA139A934A003A0A37 /* CoreLocationController.h */ = {isa = PBXFileReference; fileEncoding = 4; lastKnownFileType = sourcecode.c.h; name = CoreLocationController.h; path = ../CoreLocationController.h; sourceTree = "<group>"; };
		AD7CECFB139A934A003A0A37 /* CoreLocationController.m */ = {isa = PBXFileReference; fileEncoding = 4; lastKnownFileType = sourcecode.c.objc; name = CoreLocationController.m; path = ../CoreLocationController.m; sourceTree = "<group>"; };
		ADA2650F1396ACAD00F9155C /* Entitlements.plist */ = {isa = PBXFileReference; fileEncoding = 4; lastKnownFileType = text.plist.xml; path = Entitlements.plist; sourceTree = "<group>"; };
		ADAEF3801361E9A4002F94A1 /* Quotify.app */ = {isa = PBXFileReference; explicitFileType = wrapper.application; includeInIndex = 0; path = Quotify.app; sourceTree = BUILT_PRODUCTS_DIR; };
		ADAEF3841361E9A4002F94A1 /* UIKit.framework */ = {isa = PBXFileReference; lastKnownFileType = wrapper.framework; name = UIKit.framework; path = System/Library/Frameworks/UIKit.framework; sourceTree = SDKROOT; };
		ADAEF3861361E9A4002F94A1 /* Foundation.framework */ = {isa = PBXFileReference; lastKnownFileType = wrapper.framework; name = Foundation.framework; path = System/Library/Frameworks/Foundation.framework; sourceTree = SDKROOT; };
		ADAEF3881361E9A4002F94A1 /* CoreGraphics.framework */ = {isa = PBXFileReference; lastKnownFileType = wrapper.framework; name = CoreGraphics.framework; path = System/Library/Frameworks/CoreGraphics.framework; sourceTree = SDKROOT; };
		ADAEF38C1361E9A4002F94A1 /* Quotify-Info.plist */ = {isa = PBXFileReference; lastKnownFileType = text.plist.xml; path = "Quotify-Info.plist"; sourceTree = "<group>"; };
		ADAEF38E1361E9A4002F94A1 /* en */ = {isa = PBXFileReference; lastKnownFileType = text.plist.strings; name = en; path = en.lproj/InfoPlist.strings; sourceTree = "<group>"; };
		ADAEF3901361E9A4002F94A1 /* Quotify-Prefix.pch */ = {isa = PBXFileReference; lastKnownFileType = sourcecode.c.h; path = "Quotify-Prefix.pch"; sourceTree = "<group>"; };
		ADAEF3911361E9A4002F94A1 /* main.m */ = {isa = PBXFileReference; lastKnownFileType = sourcecode.c.objc; path = main.m; sourceTree = "<group>"; };
		ADAEF3931361E9A4002F94A1 /* QuotifyAppDelegate.h */ = {isa = PBXFileReference; lastKnownFileType = sourcecode.c.h; path = QuotifyAppDelegate.h; sourceTree = "<group>"; };
		ADAEF3941361E9A4002F94A1 /* QuotifyAppDelegate.m */ = {isa = PBXFileReference; lastKnownFileType = sourcecode.c.objc; path = QuotifyAppDelegate.m; sourceTree = "<group>"; };
		ADAEF3971361E9A4002F94A1 /* en */ = {isa = PBXFileReference; lastKnownFileType = file.xib; name = en; path = en.lproj/MainWindow.xib; sourceTree = "<group>"; };
		ADAEF3991361E9A4002F94A1 /* QuotifyViewController.h */ = {isa = PBXFileReference; lastKnownFileType = sourcecode.c.h; path = QuotifyViewController.h; sourceTree = "<group>"; };
		ADAEF39A1361E9A4002F94A1 /* QuotifyViewController.m */ = {isa = PBXFileReference; lastKnownFileType = sourcecode.c.objc; path = QuotifyViewController.m; sourceTree = "<group>"; };
		ADAEF39D1361E9A4002F94A1 /* en */ = {isa = PBXFileReference; lastKnownFileType = file.xib; name = en; path = en.lproj/QuotifyViewController.xib; sourceTree = "<group>"; };
		ADAEF3A41361E9A5002F94A1 /* QuotifyTests.octest */ = {isa = PBXFileReference; explicitFileType = wrapper.cfbundle; includeInIndex = 0; path = QuotifyTests.octest; sourceTree = BUILT_PRODUCTS_DIR; };
		ADAEF3AC1361E9A5002F94A1 /* QuotifyTests-Info.plist */ = {isa = PBXFileReference; lastKnownFileType = text.plist.xml; path = "QuotifyTests-Info.plist"; sourceTree = "<group>"; };
		ADAEF3AE1361E9A5002F94A1 /* en */ = {isa = PBXFileReference; lastKnownFileType = text.plist.strings; name = en; path = en.lproj/InfoPlist.strings; sourceTree = "<group>"; };
		ADAEF3B01361E9A5002F94A1 /* QuotifyTests-Prefix.pch */ = {isa = PBXFileReference; lastKnownFileType = sourcecode.c.h; path = "QuotifyTests-Prefix.pch"; sourceTree = "<group>"; };
		ADAEF3B11361E9A5002F94A1 /* QuotifyTests.h */ = {isa = PBXFileReference; lastKnownFileType = sourcecode.c.h; path = QuotifyTests.h; sourceTree = "<group>"; };
		ADAEF3B31361E9A5002F94A1 /* QuotifyTests.m */ = {isa = PBXFileReference; lastKnownFileType = sourcecode.c.objc; path = QuotifyTests.m; sourceTree = "<group>"; };
		ADAEF3D91367BAFC002F94A1 /* Quote.h */ = {isa = PBXFileReference; fileEncoding = 4; lastKnownFileType = sourcecode.c.h; name = Quote.h; path = Quotify.xcodeproj/Quote.h; sourceTree = SOURCE_ROOT; };
		ADAEF3DA1367BAFC002F94A1 /* Quote.m */ = {isa = PBXFileReference; fileEncoding = 4; lastKnownFileType = sourcecode.c.objc; name = Quote.m; path = Quotify.xcodeproj/Quote.m; sourceTree = SOURCE_ROOT; };
		ADAEF6211367D38F002F94A1 /* Comm.h */ = {isa = PBXFileReference; fileEncoding = 4; lastKnownFileType = sourcecode.c.h; path = Comm.h; sourceTree = "<group>"; };
		ADAEF6221367D38F002F94A1 /* Comm.m */ = {isa = PBXFileReference; fileEncoding = 4; lastKnownFileType = sourcecode.c.objc; path = Comm.m; sourceTree = "<group>"; };
		ADBA6E4B14DFA7AA006AF908 /* newbackground.png */ = {isa = PBXFileReference; lastKnownFileType = image.png; path = newbackground.png; sourceTree = "<group>"; };
		ADBA6E4C14DFA7AA006AF908 /* stripesbackground.png */ = {isa = PBXFileReference; lastKnownFileType = image.png; path = stripesbackground.png; sourceTree = "<group>"; };
		ADBA6E4D14DFA7AA006AF908 /* settingsup.png */ = {isa = PBXFileReference; lastKnownFileType = image.png; path = settingsup.png; sourceTree = "<group>"; };
		ADC5A99B14DE592200AEE72E /* confirmationbubble.png */ = {isa = PBXFileReference; lastKnownFileType = image.png; path = confirmationbubble.png; sourceTree = "<group>"; };
		ADC5A99D14DE594300AEE72E /* confirmationphotobox.png */ = {isa = PBXFileReference; lastKnownFileType = image.png; path = confirmationphotobox.png; sourceTree = "<group>"; };
		ADC5A99F14DE596D00AEE72E /* quotebubbleflipped.png */ = {isa = PBXFileReference; lastKnownFileType = image.png; path = quotebubbleflipped.png; sourceTree = "<group>"; };
		ADC5A9A114DE597600AEE72E /* quotifybuttondown.png */ = {isa = PBXFileReference; lastKnownFileType = image.png; path = quotifybuttondown.png; sourceTree = "<group>"; };
		ADC5A9A314DE597D00AEE72E /* quotifybuttonup.png */ = {isa = PBXFileReference; lastKnownFileType = image.png; path = quotifybuttonup.png; sourceTree = "<group>"; };
		ADD5BC62145100CD009D475C /* AddressBook.framework */ = {isa = PBXFileReference; lastKnownFileType = wrapper.framework; name = AddressBook.framework; path = System/Library/Frameworks/AddressBook.framework; sourceTree = SDKROOT; };
		ADD5BC64145100D3009D475C /* AddressBookUI.framework */ = {isa = PBXFileReference; lastKnownFileType = wrapper.framework; name = AddressBookUI.framework; path = System/Library/Frameworks/AddressBookUI.framework; sourceTree = SDKROOT; };
		ADDCB97914DDA32300CE9019 /* blankbackground2.png */ = {isa = PBXFileReference; lastKnownFileType = image.png; path = blankbackground2.png; sourceTree = "<group>"; };
		ADDCB97E14DDA34100CE9019 /* people.png */ = {isa = PBXFileReference; lastKnownFileType = image.png; path = people.png; sourceTree = "<group>"; };
		ADDCB97F14DDA34100CE9019 /* person.png */ = {isa = PBXFileReference; lastKnownFileType = image.png; path = person.png; sourceTree = "<group>"; };
		ADDCB98014DDA34100CE9019 /* photo.png */ = {isa = PBXFileReference; lastKnownFileType = image.png; path = photo.png; sourceTree = "<group>"; };
		ADDCB98114DDA34100CE9019 /* quotebubble.png */ = {isa = PBXFileReference; lastKnownFileType = image.png; path = quotebubble.png; sourceTree = "<group>"; };
		ADDCB98814DDA37B00CE9019 /* icon.png */ = {isa = PBXFileReference; lastKnownFileType = image.png; path = icon.png; sourceTree = "<group>"; };
		ADDCB99014DDAE7700CE9019 /* Default.png */ = {isa = PBXFileReference; lastKnownFileType = image.png; path = Default.png; sourceTree = "<group>"; };
		ADDCB99414DDAE9100CE9019 /* Default@2x.png */ = {isa = PBXFileReference; lastKnownFileType = image.png; path = "Default@2x.png"; sourceTree = "<group>"; };
		ADE4271814DEF37500FE6A5B /* quote1.png */ = {isa = PBXFileReference; lastKnownFileType = image.png; path = quote1.png; sourceTree = "<group>"; };
		ADE4271B14DEF37C00FE6A5B /* quote2.png */ = {isa = PBXFileReference; lastKnownFileType = image.png; path = quote2.png; sourceTree = "<group>"; };
		ADE4271D14DF012600FE6A5B /* settingsbackground1.png */ = {isa = PBXFileReference; lastKnownFileType = image.png; path = settingsbackground1.png; sourceTree = "<group>"; };
		ADE4271F14DF2A7E00FE6A5B /* donedown.png */ = {isa = PBXFileReference; lastKnownFileType = image.png; path = donedown.png; sourceTree = "<group>"; };
		ADE4272014DF2A7E00FE6A5B /* doneup.png */ = {isa = PBXFileReference; lastKnownFileType = image.png; path = doneup.png; sourceTree = "<group>"; };
		ADE4272114DF2A7E00FE6A5B /* quotebubble_flippedSpout.png */ = {isa = PBXFileReference; lastKnownFileType = image.png; path = quotebubble_flippedSpout.png; sourceTree = "<group>"; };
		ADF0F9CD13A15C63000AC8FC /* Facebook.h */ = {isa = PBXFileReference; fileEncoding = 4; lastKnownFileType = sourcecode.c.h; path = Facebook.h; sourceTree = "<group>"; };
		ADF0F9CE13A15C63000AC8FC /* Facebook.m */ = {isa = PBXFileReference; fileEncoding = 4; lastKnownFileType = sourcecode.c.objc; path = Facebook.m; sourceTree = "<group>"; };
		ADF0F9CF13A15C63000AC8FC /* facebook_ios_sdk_Prefix.pch */ = {isa = PBXFileReference; fileEncoding = 4; lastKnownFileType = sourcecode.c.h; path = facebook_ios_sdk_Prefix.pch; sourceTree = "<group>"; };
		ADF0F9D013A15C63000AC8FC /* FBConnect.h */ = {isa = PBXFileReference; fileEncoding = 4; lastKnownFileType = sourcecode.c.h; path = FBConnect.h; sourceTree = "<group>"; };
		ADF0F9D113A15C63000AC8FC /* FBDialog.bundle */ = {isa = PBXFileReference; lastKnownFileType = "wrapper.plug-in"; path = FBDialog.bundle; sourceTree = "<group>"; };
		ADF0F9D213A15C63000AC8FC /* FBDialog.h */ = {isa = PBXFileReference; fileEncoding = 4; lastKnownFileType = sourcecode.c.h; path = FBDialog.h; sourceTree = "<group>"; };
		ADF0F9D313A15C63000AC8FC /* FBDialog.m */ = {isa = PBXFileReference; fileEncoding = 4; lastKnownFileType = sourcecode.c.objc; path = FBDialog.m; sourceTree = "<group>"; };
		ADF0F9D413A15C63000AC8FC /* FBLoginDialog.h */ = {isa = PBXFileReference; fileEncoding = 4; lastKnownFileType = sourcecode.c.h; path = FBLoginDialog.h; sourceTree = "<group>"; };
		ADF0F9D513A15C63000AC8FC /* FBLoginDialog.m */ = {isa = PBXFileReference; fileEncoding = 4; lastKnownFileType = sourcecode.c.objc; path = FBLoginDialog.m; sourceTree = "<group>"; };
		ADF0F9D613A15C63000AC8FC /* FBRequest.h */ = {isa = PBXFileReference; fileEncoding = 4; lastKnownFileType = sourcecode.c.h; path = FBRequest.h; sourceTree = "<group>"; };
		ADF0F9D713A15C63000AC8FC /* FBRequest.m */ = {isa = PBXFileReference; fileEncoding = 4; lastKnownFileType = sourcecode.c.objc; path = FBRequest.m; sourceTree = "<group>"; };
		ADF0F9D913A15C63000AC8FC /* JSON.h */ = {isa = PBXFileReference; fileEncoding = 4; lastKnownFileType = sourcecode.c.h; path = JSON.h; sourceTree = "<group>"; };
		ADF0F9DA13A15C63000AC8FC /* NSObject+SBJSON.h */ = {isa = PBXFileReference; fileEncoding = 4; lastKnownFileType = sourcecode.c.h; path = "NSObject+SBJSON.h"; sourceTree = "<group>"; };
		ADF0F9DB13A15C63000AC8FC /* NSObject+SBJSON.m */ = {isa = PBXFileReference; fileEncoding = 4; lastKnownFileType = sourcecode.c.objc; path = "NSObject+SBJSON.m"; sourceTree = "<group>"; };
		ADF0F9DC13A15C63000AC8FC /* NSString+SBJSON.h */ = {isa = PBXFileReference; fileEncoding = 4; lastKnownFileType = sourcecode.c.h; path = "NSString+SBJSON.h"; sourceTree = "<group>"; };
		ADF0F9DD13A15C63000AC8FC /* NSString+SBJSON.m */ = {isa = PBXFileReference; fileEncoding = 4; lastKnownFileType = sourcecode.c.objc; path = "NSString+SBJSON.m"; sourceTree = "<group>"; };
		ADF0F9DE13A15C63000AC8FC /* SBJSON.h */ = {isa = PBXFileReference; fileEncoding = 4; lastKnownFileType = sourcecode.c.h; path = SBJSON.h; sourceTree = "<group>"; };
		ADF0F9DF13A15C63000AC8FC /* SBJSON.m */ = {isa = PBXFileReference; fileEncoding = 4; lastKnownFileType = sourcecode.c.objc; path = SBJSON.m; sourceTree = "<group>"; };
		ADF0F9E013A15C63000AC8FC /* SBJsonBase.h */ = {isa = PBXFileReference; fileEncoding = 4; lastKnownFileType = sourcecode.c.h; path = SBJsonBase.h; sourceTree = "<group>"; };
		ADF0F9E113A15C63000AC8FC /* SBJsonBase.m */ = {isa = PBXFileReference; fileEncoding = 4; lastKnownFileType = sourcecode.c.objc; path = SBJsonBase.m; sourceTree = "<group>"; };
		ADF0F9E213A15C63000AC8FC /* SBJsonParser.h */ = {isa = PBXFileReference; fileEncoding = 4; lastKnownFileType = sourcecode.c.h; path = SBJsonParser.h; sourceTree = "<group>"; };
		ADF0F9E313A15C63000AC8FC /* SBJsonParser.m */ = {isa = PBXFileReference; fileEncoding = 4; lastKnownFileType = sourcecode.c.objc; path = SBJsonParser.m; sourceTree = "<group>"; };
		ADF0F9E413A15C63000AC8FC /* SBJsonWriter.h */ = {isa = PBXFileReference; fileEncoding = 4; lastKnownFileType = sourcecode.c.h; path = SBJsonWriter.h; sourceTree = "<group>"; };
		ADF0F9E513A15C63000AC8FC /* SBJsonWriter.m */ = {isa = PBXFileReference; fileEncoding = 4; lastKnownFileType = sourcecode.c.objc; path = SBJsonWriter.m; sourceTree = "<group>"; };
		ADF1603E14DE55AF000B5343 /* addphotodown.png */ = {isa = PBXFileReference; lastKnownFileType = image.png; path = addphotodown.png; sourceTree = "<group>"; };
		ADF1603F14DE55AF000B5343 /* addphotoup.png */ = {isa = PBXFileReference; lastKnownFileType = image.png; path = addphotoup.png; sourceTree = "<group>"; };
		ADF1604214DE5630000B5343 /* icon57.png */ = {isa = PBXFileReference; lastKnownFileType = image.png; path = icon57.png; sourceTree = "<group>"; };
		ADF1604414DE5632000B5343 /* icon114.png */ = {isa = PBXFileReference; lastKnownFileType = image.png; path = icon114.png; sourceTree = "<group>"; };
		ADF1604614DE5656000B5343 /* settingsdown.png */ = {isa = PBXFileReference; lastKnownFileType = image.png; path = settingsdown.png; sourceTree = "<group>"; };
		DD09DC9D13A2980B007A0786 /* FBConnect.bundle */ = {isa = PBXFileReference; lastKnownFileType = "wrapper.plug-in"; path = FBConnect.bundle; sourceTree = "<group>"; };
		DD09DC9E13A2980B007A0786 /* FBLoginButton.h */ = {isa = PBXFileReference; fileEncoding = 4; lastKnownFileType = sourcecode.c.h; path = FBLoginButton.h; sourceTree = "<group>"; };
		DD09DC9F13A2980B007A0786 /* FBLoginButton.m */ = {isa = PBXFileReference; fileEncoding = 4; lastKnownFileType = sourcecode.c.objc; path = FBLoginButton.m; sourceTree = "<group>"; };
		DD560CED139AC8640047A926 /* MapKit.framework */ = {isa = PBXFileReference; lastKnownFileType = wrapper.framework; name = MapKit.framework; path = System/Library/Frameworks/MapKit.framework; sourceTree = SDKROOT; };
		DDBD101713944B7300A40AF4 /* SuccessViewController.h */ = {isa = PBXFileReference; fileEncoding = 4; lastKnownFileType = sourcecode.c.h; path = SuccessViewController.h; sourceTree = "<group>"; };
		DDBD101813944B7300A40AF4 /* SuccessViewController.m */ = {isa = PBXFileReference; fileEncoding = 4; lastKnownFileType = sourcecode.c.objc; path = SuccessViewController.m; sourceTree = "<group>"; };
		DDBD101913944B7300A40AF4 /* SuccessViewController.xib */ = {isa = PBXFileReference; fileEncoding = 4; lastKnownFileType = file.xib; path = SuccessViewController.xib; sourceTree = "<group>"; };
		DDBD101D1394697700A40AF4 /* endQuoteMark.png */ = {isa = PBXFileReference; lastKnownFileType = image.png; path = endQuoteMark.png; sourceTree = "<group>"; };
		DDBD101E1394697700A40AF4 /* beginQuoteMark.png */ = {isa = PBXFileReference; lastKnownFileType = image.png; path = beginQuoteMark.png; sourceTree = "<group>"; };
/* End PBXFileReference section */

/* Begin PBXFrameworksBuildPhase section */
		ADAEF37D1361E9A4002F94A1 /* Frameworks */ = {
			isa = PBXFrameworksBuildPhase;
			buildActionMask = 2147483647;
			files = (
				ADD5BC65145100D3009D475C /* AddressBookUI.framework in Frameworks */,
				ADD5BC63145100CD009D475C /* AddressBook.framework in Frameworks */,
				AD5EE76B141297820017937D /* QuartzCore.framework in Frameworks */,
				DD560CEE139AC8640047A926 /* MapKit.framework in Frameworks */,
				AD7CECF9139A92CC003A0A37 /* CoreLocation.framework in Frameworks */,
				ADAEF3851361E9A4002F94A1 /* UIKit.framework in Frameworks */,
				ADAEF3871361E9A4002F94A1 /* Foundation.framework in Frameworks */,
				ADAEF3891361E9A4002F94A1 /* CoreGraphics.framework in Frameworks */,
			);
			runOnlyForDeploymentPostprocessing = 0;
		};
		ADAEF3A01361E9A5002F94A1 /* Frameworks */ = {
			isa = PBXFrameworksBuildPhase;
			buildActionMask = 2147483647;
			files = (
				ADAEF3A51361E9A5002F94A1 /* UIKit.framework in Frameworks */,
				ADAEF3A61361E9A5002F94A1 /* Foundation.framework in Frameworks */,
				ADAEF3A71361E9A5002F94A1 /* CoreGraphics.framework in Frameworks */,
			);
			runOnlyForDeploymentPostprocessing = 0;
		};
/* End PBXFrameworksBuildPhase section */

/* Begin PBXGroup section */
		ADAEF3751361E9A4002F94A1 = {
			isa = PBXGroup;
			children = (
				ADF1604414DE5632000B5343 /* icon114.png */,
				ADF1604214DE5630000B5343 /* icon57.png */,
				ADDCB99414DDAE9100CE9019 /* Default@2x.png */,
				ADDCB99014DDAE7700CE9019 /* Default.png */,
				ADA2650F1396ACAD00F9155C /* Entitlements.plist */,
				ADF0F9C913A15C63000AC8FC /* src */,
				ADAEF38A1361E9A4002F94A1 /* Quotify */,
				ADAEF3C01361EA7E002F94A1 /* View Files */,
				ADAEF3AA1361E9A5002F94A1 /* QuotifyTests */,
				ADAEF3831361E9A4002F94A1 /* Frameworks */,
				ADAEF3811361E9A4002F94A1 /* Products */,
			);
			sourceTree = "<group>";
		};
		ADAEF3811361E9A4002F94A1 /* Products */ = {
			isa = PBXGroup;
			children = (
				ADAEF3801361E9A4002F94A1 /* Quotify.app */,
				ADAEF3A41361E9A5002F94A1 /* QuotifyTests.octest */,
			);
			name = Products;
			sourceTree = "<group>";
		};
		ADAEF3831361E9A4002F94A1 /* Frameworks */ = {
			isa = PBXGroup;
			children = (
				ADD5BC64145100D3009D475C /* AddressBookUI.framework */,
				ADD5BC62145100CD009D475C /* AddressBook.framework */,
				AD5EE76A141297820017937D /* QuartzCore.framework */,
				DD560CED139AC8640047A926 /* MapKit.framework */,
				AD7CECF8139A92CC003A0A37 /* CoreLocation.framework */,
				ADAEF3841361E9A4002F94A1 /* UIKit.framework */,
				ADAEF3861361E9A4002F94A1 /* Foundation.framework */,
				ADAEF3881361E9A4002F94A1 /* CoreGraphics.framework */,
			);
			name = Frameworks;
			sourceTree = "<group>";
		};
		ADAEF38A1361E9A4002F94A1 /* Quotify */ = {
			isa = PBXGroup;
			children = (
				ADAEF3931361E9A4002F94A1 /* QuotifyAppDelegate.h */,
				ADAEF3941361E9A4002F94A1 /* QuotifyAppDelegate.m */,
				ADAEF3991361E9A4002F94A1 /* QuotifyViewController.h */,
				ADAEF39A1361E9A4002F94A1 /* QuotifyViewController.m */,
				DDBD101713944B7300A40AF4 /* SuccessViewController.h */,
				DDBD101813944B7300A40AF4 /* SuccessViewController.m */,
				AD7CECFA139A934A003A0A37 /* CoreLocationController.h */,
				AD7CECFB139A934A003A0A37 /* CoreLocationController.m */,
				ADAEF3C11361EAB2002F94A1 /* Model */,
				ADAEF38B1361E9A4002F94A1 /* Supporting Files */,
			);
			path = Quotify;
			sourceTree = "<group>";
		};
		ADAEF38B1361E9A4002F94A1 /* Supporting Files */ = {
			isa = PBXGroup;
			children = (
				ADAEF38C1361E9A4002F94A1 /* Quotify-Info.plist */,
				ADAEF38D1361E9A4002F94A1 /* InfoPlist.strings */,
				ADAEF3901361E9A4002F94A1 /* Quotify-Prefix.pch */,
				ADAEF3911361E9A4002F94A1 /* main.m */,
			);
			name = "Supporting Files";
			sourceTree = "<group>";
		};
		ADAEF3AA1361E9A5002F94A1 /* QuotifyTests */ = {
			isa = PBXGroup;
			children = (
				ADAEF3B11361E9A5002F94A1 /* QuotifyTests.h */,
				ADAEF3B31361E9A5002F94A1 /* QuotifyTests.m */,
				ADAEF3AB1361E9A5002F94A1 /* Supporting Files */,
			);
			path = QuotifyTests;
			sourceTree = "<group>";
		};
		ADAEF3AB1361E9A5002F94A1 /* Supporting Files */ = {
			isa = PBXGroup;
			children = (
				ADAEF3AC1361E9A5002F94A1 /* QuotifyTests-Info.plist */,
				ADAEF3AD1361E9A5002F94A1 /* InfoPlist.strings */,
				ADAEF3B01361E9A5002F94A1 /* QuotifyTests-Prefix.pch */,
			);
			name = "Supporting Files";
			sourceTree = "<group>";
		};
		ADAEF3C01361EA7E002F94A1 /* View Files */ = {
			isa = PBXGroup;
			children = (
				ADAEF3961361E9A4002F94A1 /* MainWindow.xib */,
				ADAEF39C1361E9A4002F94A1 /* QuotifyViewController.xib */,
				DDBD101913944B7300A40AF4 /* SuccessViewController.xib */,
				ADF1603E14DE55AF000B5343 /* addphotodown.png */,
				ADF1603F14DE55AF000B5343 /* addphotoup.png */,
				DDBD101E1394697700A40AF4 /* beginQuoteMark.png */,
				ADDCB97914DDA32300CE9019 /* blankbackground2.png */,
				ADC5A99B14DE592200AEE72E /* confirmationbubble.png */,
				ADC5A99D14DE594300AEE72E /* confirmationphotobox.png */,
				DDBD101D1394697700A40AF4 /* endQuoteMark.png */,
				ADE4271F14DF2A7E00FE6A5B /* donedown.png */,
				ADE4272014DF2A7E00FE6A5B /* doneup.png */,
				ADE4272114DF2A7E00FE6A5B /* quotebubble_flippedSpout.png */,
				ADDCB98814DDA37B00CE9019 /* icon.png */,
				ADDCB97E14DDA34100CE9019 /* people.png */,
				ADDCB97F14DDA34100CE9019 /* person.png */,
				ADE4271814DEF37500FE6A5B /* quote1.png */,
				ADE4271B14DEF37C00FE6A5B /* quote2.png */,
				ADDCB98014DDA34100CE9019 /* photo.png */,
				ADDCB98114DDA34100CE9019 /* quotebubble.png */,
				ADC5A99F14DE596D00AEE72E /* quotebubbleflipped.png */,
				ADBA6E4B14DFA7AA006AF908 /* newbackground.png */,
				ADBA6E4C14DFA7AA006AF908 /* stripesbackground.png */,
				ADBA6E4D14DFA7AA006AF908 /* settingsup.png */,
				ADE4271D14DF012600FE6A5B /* settingsbackground1.png */,
				ADC5A9A114DE597600AEE72E /* quotifybuttondown.png */,
				ADC5A9A314DE597D00AEE72E /* quotifybuttonup.png */,
				ADF1604614DE5656000B5343 /* settingsdown.png */,
			);
			name = "View Files";
			path = Quotify;
			sourceTree = "<group>";
		};
		ADAEF3C11361EAB2002F94A1 /* Model */ = {
			isa = PBXGroup;
			children = (
				ADAEF3D91367BAFC002F94A1 /* Quote.h */,
				ADAEF3DA1367BAFC002F94A1 /* Quote.m */,
				ADAEF6211367D38F002F94A1 /* Comm.h */,
				ADAEF6221367D38F002F94A1 /* Comm.m */,
			);
			name = Model;
			sourceTree = "<group>";
		};
		ADF0F9C913A15C63000AC8FC /* src */ = {
			isa = PBXGroup;
			children = (
				ADF0F9CD13A15C63000AC8FC /* Facebook.h */,
				ADF0F9CE13A15C63000AC8FC /* Facebook.m */,
				DD09DC9D13A2980B007A0786 /* FBConnect.bundle */,
				DD09DC9E13A2980B007A0786 /* FBLoginButton.h */,
				DD09DC9F13A2980B007A0786 /* FBLoginButton.m */,
				ADF0F9CF13A15C63000AC8FC /* facebook_ios_sdk_Prefix.pch */,
				ADF0F9D013A15C63000AC8FC /* FBConnect.h */,
				ADF0F9D113A15C63000AC8FC /* FBDialog.bundle */,
				ADF0F9D213A15C63000AC8FC /* FBDialog.h */,
				ADF0F9D313A15C63000AC8FC /* FBDialog.m */,
				ADF0F9D413A15C63000AC8FC /* FBLoginDialog.h */,
				ADF0F9D513A15C63000AC8FC /* FBLoginDialog.m */,
				ADF0F9D613A15C63000AC8FC /* FBRequest.h */,
				ADF0F9D713A15C63000AC8FC /* FBRequest.m */,
				ADF0F9D813A15C63000AC8FC /* JSON */,
			);
			path = src;
			sourceTree = SOURCE_ROOT;
		};
		ADF0F9D813A15C63000AC8FC /* JSON */ = {
			isa = PBXGroup;
			children = (
				ADF0F9D913A15C63000AC8FC /* JSON.h */,
				ADF0F9DA13A15C63000AC8FC /* NSObject+SBJSON.h */,
				ADF0F9DB13A15C63000AC8FC /* NSObject+SBJSON.m */,
				ADF0F9DC13A15C63000AC8FC /* NSString+SBJSON.h */,
				ADF0F9DD13A15C63000AC8FC /* NSString+SBJSON.m */,
				ADF0F9DE13A15C63000AC8FC /* SBJSON.h */,
				ADF0F9DF13A15C63000AC8FC /* SBJSON.m */,
				ADF0F9E013A15C63000AC8FC /* SBJsonBase.h */,
				ADF0F9E113A15C63000AC8FC /* SBJsonBase.m */,
				ADF0F9E213A15C63000AC8FC /* SBJsonParser.h */,
				ADF0F9E313A15C63000AC8FC /* SBJsonParser.m */,
				ADF0F9E413A15C63000AC8FC /* SBJsonWriter.h */,
				ADF0F9E513A15C63000AC8FC /* SBJsonWriter.m */,
			);
			path = JSON;
			sourceTree = "<group>";
		};
/* End PBXGroup section */

/* Begin PBXNativeTarget section */
		ADAEF37F1361E9A4002F94A1 /* Quotify */ = {
			isa = PBXNativeTarget;
			buildConfigurationList = ADAEF3B71361E9A5002F94A1 /* Build configuration list for PBXNativeTarget "Quotify" */;
			buildPhases = (
				ADAEF37C1361E9A4002F94A1 /* Sources */,
				ADAEF37D1361E9A4002F94A1 /* Frameworks */,
				ADAEF37E1361E9A4002F94A1 /* Resources */,
			);
			buildRules = (
			);
			dependencies = (
			);
			name = Quotify;
			productName = Quotify;
			productReference = ADAEF3801361E9A4002F94A1 /* Quotify.app */;
			productType = "com.apple.product-type.application";
		};
		ADAEF3A31361E9A5002F94A1 /* QuotifyTests */ = {
			isa = PBXNativeTarget;
			buildConfigurationList = ADAEF3BA1361E9A5002F94A1 /* Build configuration list for PBXNativeTarget "QuotifyTests" */;
			buildPhases = (
				ADAEF39F1361E9A5002F94A1 /* Sources */,
				ADAEF3A01361E9A5002F94A1 /* Frameworks */,
				ADAEF3A11361E9A5002F94A1 /* Resources */,
				ADAEF3A21361E9A5002F94A1 /* ShellScript */,
			);
			buildRules = (
			);
			dependencies = (
				ADAEF3A91361E9A5002F94A1 /* PBXTargetDependency */,
			);
			name = QuotifyTests;
			productName = QuotifyTests;
			productReference = ADAEF3A41361E9A5002F94A1 /* QuotifyTests.octest */;
			productType = "com.apple.product-type.bundle";
		};
/* End PBXNativeTarget section */

/* Begin PBXProject section */
		ADAEF3771361E9A4002F94A1 /* Project object */ = {
			isa = PBXProject;
			attributes = {
				LastUpgradeCheck = 0420;
			};
			buildConfigurationList = ADAEF37A1361E9A4002F94A1 /* Build configuration list for PBXProject "Quotify" */;
			compatibilityVersion = "Xcode 3.2";
			developmentRegion = English;
			hasScannedForEncodings = 0;
			knownRegions = (
				en,
				English,
			);
			mainGroup = ADAEF3751361E9A4002F94A1;
			productRefGroup = ADAEF3811361E9A4002F94A1 /* Products */;
			projectDirPath = "";
			projectRoot = "";
			targets = (
				ADAEF37F1361E9A4002F94A1 /* Quotify */,
				ADAEF3A31361E9A5002F94A1 /* QuotifyTests */,
			);
		};
/* End PBXProject section */

/* Begin PBXResourcesBuildPhase section */
		ADAEF37E1361E9A4002F94A1 /* Resources */ = {
			isa = PBXResourcesBuildPhase;
			buildActionMask = 2147483647;
			files = (
				ADAEF38F1361E9A4002F94A1 /* InfoPlist.strings in Resources */,
				ADAEF3981361E9A4002F94A1 /* MainWindow.xib in Resources */,
				ADAEF39E1361E9A4002F94A1 /* QuotifyViewController.xib in Resources */,
				DDBD101B13944B7400A40AF4 /* SuccessViewController.xib in Resources */,
				DDBD101F1394697700A40AF4 /* endQuoteMark.png in Resources */,
				DDBD10201394697700A40AF4 /* beginQuoteMark.png in Resources */,
				ADA265101396ACAD00F9155C /* Entitlements.plist in Resources */,
				ADF0F9EA13A15C63000AC8FC /* FBDialog.bundle in Resources */,
				DD09DCA013A2980C007A0786 /* FBConnect.bundle in Resources */,
				ADDCB97A14DDA32300CE9019 /* blankbackground2.png in Resources */,
				ADDCB98414DDA34100CE9019 /* people.png in Resources */,
				ADDCB98514DDA34100CE9019 /* person.png in Resources */,
				ADDCB98614DDA34100CE9019 /* photo.png in Resources */,
				ADDCB98714DDA34100CE9019 /* quotebubble.png in Resources */,
				ADDCB98914DDA37B00CE9019 /* icon.png in Resources */,
				ADDCB99614DDAF8C00CE9019 /* Default.png in Resources */,
				ADDCB99714DDAF9600CE9019 /* Default@2x.png in Resources */,
				ADF1604014DE55AF000B5343 /* addphotodown.png in Resources */,
				ADF1604114DE55AF000B5343 /* addphotoup.png in Resources */,
				ADF1604314DE5630000B5343 /* icon57.png in Resources */,
				ADF1604514DE5632000B5343 /* icon114.png in Resources */,
				ADF1604814DE5656000B5343 /* settingsdown.png in Resources */,
				ADC5A99C14DE592200AEE72E /* confirmationbubble.png in Resources */,
				ADC5A99E14DE594300AEE72E /* confirmationphotobox.png in Resources */,
				ADC5A9A014DE596D00AEE72E /* quotebubbleflipped.png in Resources */,
				ADC5A9A214DE597600AEE72E /* quotifybuttondown.png in Resources */,
				ADC5A9A414DE597D00AEE72E /* quotifybuttonup.png in Resources */,
				ADE4271914DEF37500FE6A5B /* quote1.png in Resources */,
				ADE4271C14DEF37C00FE6A5B /* quote2.png in Resources */,
				ADE4271E14DF012600FE6A5B /* settingsbackground1.png in Resources */,
				ADE4272214DF2A7F00FE6A5B /* donedown.png in Resources */,
				ADE4272314DF2A7F00FE6A5B /* doneup.png in Resources */,
				ADE4272414DF2A7F00FE6A5B /* quotebubble_flippedSpout.png in Resources */,
				ADBA6E4E14DFA7AA006AF908 /* newbackground.png in Resources */,
				ADBA6E4F14DFA7AA006AF908 /* stripesbackground.png in Resources */,
				ADBA6E5014DFA7AA006AF908 /* settingsup.png in Resources */,
			);
			runOnlyForDeploymentPostprocessing = 0;
		};
		ADAEF3A11361E9A5002F94A1 /* Resources */ = {
			isa = PBXResourcesBuildPhase;
			buildActionMask = 2147483647;
			files = (
				ADAEF3AF1361E9A5002F94A1 /* InfoPlist.strings in Resources */,
				ADAEF3B21361E9A5002F94A1 /* QuotifyTests.h in Resources */,
			);
			runOnlyForDeploymentPostprocessing = 0;
		};
/* End PBXResourcesBuildPhase section */

/* Begin PBXShellScriptBuildPhase section */
		ADAEF3A21361E9A5002F94A1 /* ShellScript */ = {
			isa = PBXShellScriptBuildPhase;
			buildActionMask = 2147483647;
			files = (
			);
			inputPaths = (
			);
			outputPaths = (
			);
			runOnlyForDeploymentPostprocessing = 0;
			shellPath = /bin/sh;
			shellScript = "# Run the unit tests in this test bundle.\n\"${SYSTEM_DEVELOPER_DIR}/Tools/RunUnitTests\"\n";
		};
/* End PBXShellScriptBuildPhase section */

/* Begin PBXSourcesBuildPhase section */
		ADAEF37C1361E9A4002F94A1 /* Sources */ = {
			isa = PBXSourcesBuildPhase;
			buildActionMask = 2147483647;
			files = (
				ADAEF3921361E9A4002F94A1 /* main.m in Sources */,
				ADAEF3951361E9A4002F94A1 /* QuotifyAppDelegate.m in Sources */,
				ADAEF39B1361E9A4002F94A1 /* QuotifyViewController.m in Sources */,
				ADAEF3DB1367BAFC002F94A1 /* Quote.m in Sources */,
				ADAEF6231367D38F002F94A1 /* Comm.m in Sources */,
				DDBD101A13944B7400A40AF4 /* SuccessViewController.m in Sources */,
				AD7CECFC139A934A003A0A37 /* CoreLocationController.m in Sources */,
				ADF0F9E913A15C63000AC8FC /* Facebook.m in Sources */,
				ADF0F9EB13A15C63000AC8FC /* FBDialog.m in Sources */,
				ADF0F9EC13A15C63000AC8FC /* FBLoginDialog.m in Sources */,
				ADF0F9ED13A15C63000AC8FC /* FBRequest.m in Sources */,
				ADF0F9EE13A15C63000AC8FC /* NSObject+SBJSON.m in Sources */,
				ADF0F9EF13A15C63000AC8FC /* NSString+SBJSON.m in Sources */,
				ADF0F9F013A15C63000AC8FC /* SBJSON.m in Sources */,
				ADF0F9F113A15C63000AC8FC /* SBJsonBase.m in Sources */,
				ADF0F9F213A15C63000AC8FC /* SBJsonParser.m in Sources */,
				ADF0F9F313A15C63000AC8FC /* SBJsonWriter.m in Sources */,
				DD09DCA113A2980C007A0786 /* FBLoginButton.m in Sources */,
			);
			runOnlyForDeploymentPostprocessing = 0;
		};
		ADAEF39F1361E9A5002F94A1 /* Sources */ = {
			isa = PBXSourcesBuildPhase;
			buildActionMask = 2147483647;
			files = (
				ADAEF3B41361E9A5002F94A1 /* QuotifyTests.m in Sources */,
			);
			runOnlyForDeploymentPostprocessing = 0;
		};
/* End PBXSourcesBuildPhase section */

/* Begin PBXTargetDependency section */
		ADAEF3A91361E9A5002F94A1 /* PBXTargetDependency */ = {
			isa = PBXTargetDependency;
			target = ADAEF37F1361E9A4002F94A1 /* Quotify */;
			targetProxy = ADAEF3A81361E9A5002F94A1 /* PBXContainerItemProxy */;
		};
/* End PBXTargetDependency section */

/* Begin PBXVariantGroup section */
		ADAEF38D1361E9A4002F94A1 /* InfoPlist.strings */ = {
			isa = PBXVariantGroup;
			children = (
				ADAEF38E1361E9A4002F94A1 /* en */,
			);
			name = InfoPlist.strings;
			sourceTree = "<group>";
		};
		ADAEF3961361E9A4002F94A1 /* MainWindow.xib */ = {
			isa = PBXVariantGroup;
			children = (
				ADAEF3971361E9A4002F94A1 /* en */,
			);
			name = MainWindow.xib;
			sourceTree = "<group>";
		};
		ADAEF39C1361E9A4002F94A1 /* QuotifyViewController.xib */ = {
			isa = PBXVariantGroup;
			children = (
				ADAEF39D1361E9A4002F94A1 /* en */,
			);
			name = QuotifyViewController.xib;
			sourceTree = "<group>";
		};
		ADAEF3AD1361E9A5002F94A1 /* InfoPlist.strings */ = {
			isa = PBXVariantGroup;
			children = (
				ADAEF3AE1361E9A5002F94A1 /* en */,
			);
			name = InfoPlist.strings;
			sourceTree = "<group>";
		};
/* End PBXVariantGroup section */

/* Begin XCBuildConfiguration section */
		ADA2650B1396AAC400F9155C /* Distribution */ = {
			isa = XCBuildConfiguration;
			buildSettings = {
				ARCHS = "$(ARCHS_STANDARD_32_BIT)";
				CODE_SIGN_IDENTITY = "iPhone Distribution: Max Rosenblatt";
				"CODE_SIGN_IDENTITY[sdk=iphoneos*]" = "iPhone Distribution: Max Rosenblatt";
				"CODE_SIGN_RESOURCE_RULES_PATH[sdk=iphoneos*]" = "";
				GCC_C_LANGUAGE_STANDARD = gnu99;
				GCC_VERSION = com.apple.compilers.llvmgcc42;
				GCC_WARN_ABOUT_MISSING_PROTOTYPES = YES;
				GCC_WARN_ABOUT_RETURN_TYPE = YES;
				GCC_WARN_UNUSED_VARIABLE = YES;
				IPHONEOS_DEPLOYMENT_TARGET = 4.0;
				OTHER_CFLAGS = "-DNS_BLOCK_ASSERTIONS=1";
				PROVISIONING_PROFILE = "C8033766-E45A-4304-9907-BF5D8BE714E7";
				"PROVISIONING_PROFILE[sdk=iphoneos*]" = "C8033766-E45A-4304-9907-BF5D8BE714E7";
				SDKROOT = iphoneos;
			};
			name = Distribution;
		};
		ADA2650C1396AAC400F9155C /* Distribution */ = {
			isa = XCBuildConfiguration;
			buildSettings = {
				ALWAYS_SEARCH_USER_PATHS = NO;
				CLANG_ENABLE_OBJC_ARC = YES;
				"CODE_SIGN_ENTITLEMENTS[sdk=iphoneos*]" = Entitlements.plist;
				CODE_SIGN_IDENTITY = "iPhone Distribution";
				COPY_PHASE_STRIP = YES;
				GCC_OPTIMIZATION_LEVEL = s;
				GCC_PRECOMPILE_PREFIX_HEADER = YES;
				GCC_PREFIX_HEADER = "Quotify/Quotify-Prefix.pch";
				GCC_VERSION = com.apple.compilers.llvm.clang.1_0;
				INFOPLIST_FILE = "Quotify/Quotify-Info.plist";
				IPHONEOS_DEPLOYMENT_TARGET = 5.0;
				OTHER_LDFLAGS = (
					"-ObjC",
					"-all_load",
				);
				PRODUCT_NAME = "$(TARGET_NAME)";
				PROVISIONING_PROFILE = "";
				TARGETED_DEVICE_FAMILY = 1;
				VALIDATE_PRODUCT = YES;
				WRAPPER_EXTENSION = app;
			};
			name = Distribution;
		};
		ADA2650D1396AAC400F9155C /* Distribution */ = {
			isa = XCBuildConfiguration;
			buildSettings = {
				ALWAYS_SEARCH_USER_PATHS = NO;
				BUNDLE_LOADER = "$(BUILT_PRODUCTS_DIR)/Quotify.app/Quotify";
				CLANG_ENABLE_OBJC_ARC = YES;
				FRAMEWORK_SEARCH_PATHS = (
					"$(SDKROOT)/Developer/Library/Frameworks",
					"$(DEVELOPER_LIBRARY_DIR)/Frameworks",
				);
				GCC_PRECOMPILE_PREFIX_HEADER = YES;
				GCC_PREFIX_HEADER = "QuotifyTests/QuotifyTests-Prefix.pch";
				GCC_VERSION = com.apple.compilers.llvm.clang.1_0;
				INFOPLIST_FILE = "QuotifyTests/QuotifyTests-Info.plist";
				OTHER_LDFLAGS = (
					"-framework",
					SenTestingKit,
				);
				PRODUCT_NAME = "$(TARGET_NAME)";
				TEST_HOST = "$(BUNDLE_LOADER)";
				WRAPPER_EXTENSION = octest;
			};
			name = Distribution;
		};
		ADAEF3B51361E9A5002F94A1 /* Debug */ = {
			isa = XCBuildConfiguration;
			buildSettings = {
				ARCHS = "$(ARCHS_STANDARD_32_BIT)";
				CODE_SIGN_IDENTITY = "iPhone Developer";
				"CODE_SIGN_IDENTITY[sdk=iphoneos*]" = "iPhone Developer";
				GCC_C_LANGUAGE_STANDARD = gnu99;
				GCC_OPTIMIZATION_LEVEL = s;
				GCC_PREPROCESSOR_DEFINITIONS = DEBUG;
				GCC_SYMBOLS_PRIVATE_EXTERN = NO;
				GCC_VERSION = com.apple.compilers.llvmgcc42;
				GCC_WARN_ABOUT_MISSING_PROTOTYPES = YES;
				GCC_WARN_ABOUT_RETURN_TYPE = YES;
				GCC_WARN_UNUSED_VARIABLE = YES;
				IPHONEOS_DEPLOYMENT_TARGET = 4.0;
				PROVISIONING_PROFILE = "";
				"PROVISIONING_PROFILE[sdk=iphoneos*]" = "";
				SDKROOT = iphoneos;
			};
			name = Debug;
		};
		ADAEF3B61361E9A5002F94A1 /* Release */ = {
			isa = XCBuildConfiguration;
			buildSettings = {
				ARCHS = "$(ARCHS_STANDARD_32_BIT)";
				CODE_SIGN_IDENTITY = "iPhone Distribution: Max Rosenblatt";
				"CODE_SIGN_IDENTITY[sdk=iphoneos*]" = "iPhone Distribution: Max Rosenblatt";
				GCC_C_LANGUAGE_STANDARD = gnu99;
				GCC_VERSION = com.apple.compilers.llvmgcc42;
				GCC_WARN_ABOUT_MISSING_PROTOTYPES = YES;
				GCC_WARN_ABOUT_RETURN_TYPE = YES;
				GCC_WARN_UNUSED_VARIABLE = YES;
				IPHONEOS_DEPLOYMENT_TARGET = 4.0;
				OTHER_CFLAGS = "-DNS_BLOCK_ASSERTIONS=1";
				PROVISIONING_PROFILE = "C8033766-E45A-4304-9907-BF5D8BE714E7";
				"PROVISIONING_PROFILE[sdk=iphoneos*]" = "C8033766-E45A-4304-9907-BF5D8BE714E7";
				SDKROOT = iphoneos;
			};
			name = Release;
		};
		ADAEF3B81361E9A5002F94A1 /* Debug */ = {
			isa = XCBuildConfiguration;
			buildSettings = {
				ALWAYS_SEARCH_USER_PATHS = NO;
				CLANG_ENABLE_OBJC_ARC = YES;
				CODE_SIGN_IDENTITY = "iPhone Developer";
				"CODE_SIGN_IDENTITY[sdk=iphoneos*]" = "iPhone Developer";
				COPY_PHASE_STRIP = NO;
				GCC_DYNAMIC_NO_PIC = NO;
				GCC_OPTIMIZATION_LEVEL = s;
				GCC_PRECOMPILE_PREFIX_HEADER = YES;
				GCC_PREFIX_HEADER = "Quotify/Quotify-Prefix.pch";
				GCC_VERSION = com.apple.compilers.llvm.clang.1_0;
				INFOPLIST_FILE = "Quotify/Quotify-Info.plist";
				IPHONEOS_DEPLOYMENT_TARGET = 5.0;
				OTHER_LDFLAGS = (
					"-ObjC",
					"-all_load",
				);
				PRODUCT_NAME = "$(TARGET_NAME)";
				PROVISIONING_PROFILE = "";
				"PROVISIONING_PROFILE[sdk=iphoneos*]" = "";
				TARGETED_DEVICE_FAMILY = 1;
				WRAPPER_EXTENSION = app;
			};
			name = Debug;
		};
		ADAEF3B91361E9A5002F94A1 /* Release */ = {
			isa = XCBuildConfiguration;
			buildSettings = {
				ALWAYS_SEARCH_USER_PATHS = NO;
				CLANG_ENABLE_OBJC_ARC = YES;
				CODE_SIGN_IDENTITY = "iPhone Developer";
				"CODE_SIGN_IDENTITY[sdk=iphoneos*]" = "iPhone Developer";
				COPY_PHASE_STRIP = YES;
				GCC_PRECOMPILE_PREFIX_HEADER = YES;
				GCC_PREFIX_HEADER = "Quotify/Quotify-Prefix.pch";
				GCC_VERSION = com.apple.compilers.llvm.clang.1_0;
				INFOPLIST_FILE = "Quotify/Quotify-Info.plist";
				IPHONEOS_DEPLOYMENT_TARGET = 5.0;
				OTHER_LDFLAGS = (
					"-ObjC",
					"-all_load",
				);
				PRODUCT_NAME = "$(TARGET_NAME)";
				PROVISIONING_PROFILE = "";
				"PROVISIONING_PROFILE[sdk=iphoneos*]" = "";
				TARGETED_DEVICE_FAMILY = 1;
				VALIDATE_PRODUCT = YES;
				WRAPPER_EXTENSION = app;
			};
			name = Release;
		};
		ADAEF3BB1361E9A5002F94A1 /* Debug */ = {
			isa = XCBuildConfiguration;
			buildSettings = {
				ALWAYS_SEARCH_USER_PATHS = NO;
				BUNDLE_LOADER = "$(BUILT_PRODUCTS_DIR)/Quotify.app/Quotify";
				CLANG_ENABLE_OBJC_ARC = YES;
				FRAMEWORK_SEARCH_PATHS = (
					"$(SDKROOT)/Developer/Library/Frameworks",
					"$(DEVELOPER_LIBRARY_DIR)/Frameworks",
				);
				GCC_PRECOMPILE_PREFIX_HEADER = YES;
				GCC_PREFIX_HEADER = "QuotifyTests/QuotifyTests-Prefix.pch";
				GCC_VERSION = com.apple.compilers.llvm.clang.1_0;
				INFOPLIST_FILE = "QuotifyTests/QuotifyTests-Info.plist";
				OTHER_LDFLAGS = (
					"-framework",
					SenTestingKit,
				);
				PRODUCT_NAME = "$(TARGET_NAME)";
				TEST_HOST = "$(BUNDLE_LOADER)";
				WRAPPER_EXTENSION = octest;
			};
			name = Debug;
		};
		ADAEF3BC1361E9A5002F94A1 /* Release */ = {
			isa = XCBuildConfiguration;
			buildSettings = {
				ALWAYS_SEARCH_USER_PATHS = NO;
				BUNDLE_LOADER = "$(BUILT_PRODUCTS_DIR)/Quotify.app/Quotify";
				CLANG_ENABLE_OBJC_ARC = YES;
				FRAMEWORK_SEARCH_PATHS = (
					"$(SDKROOT)/Developer/Library/Frameworks",
					"$(DEVELOPER_LIBRARY_DIR)/Frameworks",
				);
				GCC_PRECOMPILE_PREFIX_HEADER = YES;
				GCC_PREFIX_HEADER = "QuotifyTests/QuotifyTests-Prefix.pch";
				GCC_VERSION = com.apple.compilers.llvm.clang.1_0;
				INFOPLIST_FILE = "QuotifyTests/QuotifyTests-Info.plist";
				OTHER_LDFLAGS = (
					"-framework",
					SenTestingKit,
				);
				PRODUCT_NAME = "$(TARGET_NAME)";
				TEST_HOST = "$(BUNDLE_LOADER)";
				WRAPPER_EXTENSION = octest;
			};
			name = Release;
		};
/* End XCBuildConfiguration section */

/* Begin XCConfigurationList section */
		ADAEF37A1361E9A4002F94A1 /* Build configuration list for PBXProject "Quotify" */ = {
			isa = XCConfigurationList;
			buildConfigurations = (
				ADAEF3B51361E9A5002F94A1 /* Debug */,
				ADAEF3B61361E9A5002F94A1 /* Release */,
				ADA2650B1396AAC400F9155C /* Distribution */,
			);
			defaultConfigurationIsVisible = 0;
			defaultConfigurationName = Debug;
		};
		ADAEF3B71361E9A5002F94A1 /* Build configuration list for PBXNativeTarget "Quotify" */ = {
			isa = XCConfigurationList;
			buildConfigurations = (
				ADAEF3B81361E9A5002F94A1 /* Debug */,
				ADAEF3B91361E9A5002F94A1 /* Release */,
				ADA2650C1396AAC400F9155C /* Distribution */,
			);
			defaultConfigurationIsVisible = 0;
			defaultConfigurationName = Debug;
		};
		ADAEF3BA1361E9A5002F94A1 /* Build configuration list for PBXNativeTarget "QuotifyTests" */ = {
			isa = XCConfigurationList;
			buildConfigurations = (
				ADAEF3BB1361E9A5002F94A1 /* Debug */,
				ADAEF3BC1361E9A5002F94A1 /* Release */,
				ADA2650D1396AAC400F9155C /* Distribution */,
			);
			defaultConfigurationIsVisible = 0;
			defaultConfigurationName = Debug;
		};
/* End XCConfigurationList section */
	};
	rootObject = ADAEF3771361E9A4002F94A1 /* Project object */;
}
